// !$*UTF8*$!
{
	archiveVersion = 1;
	classes = {
	};
	objectVersion = 77;
	objects = {

/* Begin PBXBuildFile section */
		004110AF6E2282A8C4857526 /* GoogleSignInCoordinator.swift in Sources */ = {isa = PBXBuildFile; fileRef = 83F8D20A60DA002DAD6CA36A /* GoogleSignInCoordinator.swift */; };
		01A23378F38E2AA77EEE9AB2 /* Referral.swift in Sources */ = {isa = PBXBuildFile; fileRef = DBC8253E8B03396CC68DBEDE /* Referral.swift */; };
		025918872EE8E347FE5DAB31 /* SwaplImage.swift in Sources */ = {isa = PBXBuildFile; fileRef = DCC3CE2737C2B041ADE0B63C /* SwaplImage.swift */; };
		0569690334ACF761D79ECCA0 /* KeysRepository.swift in Sources */ = {isa = PBXBuildFile; fileRef = FE31B7FB667BE216C5111617 /* KeysRepository.swift */; };
		09510D369FFD86683685D48E /* Theme.swift in Sources */ = {isa = PBXBuildFile; fileRef = 88FE15DAF7CB60D8091AAB48 /* Theme.swift */; };
		0E122F3A8ACC502ADFEBBC7D /* NightlyKeysExplainerSheet.swift in Sources */ = {isa = PBXBuildFile; fileRef = 65E4EC474A4BB7E4FBB7F2B6 /* NightlyKeysExplainerSheet.swift */; };
		0FF9121641DAB4D4D85FDB4C /* Fraunces-Variable.ttf in Resources */ = {isa = PBXBuildFile; fileRef = 12CFB58AC5BAA13BBCFEAEC8 /* Fraunces-Variable.ttf */; };
		10DEDCBBA64190E76F8FE03E /* SwaplCreateListingIntent.swift in Sources */ = {isa = PBXBuildFile; fileRef = 9F3F93F6DC0482992C95B3A1 /* SwaplCreateListingIntent.swift */; };
		958E97FAD08EB7DA10B6901E /* SwaplSiriEntities.swift in Sources */ = {isa = PBXBuildFile; fileRef = 710E939848147AE19616F70D /* SwaplSiriEntities.swift */; };
		BF97D38515FC7447BEBD9801 /* SwaplSiriIntents.swift in Sources */ = {isa = PBXBuildFile; fileRef = 4A622ABD6B1617D96CD8D49C /* SwaplSiriIntents.swift */; };
		12A73281C203C687F50C0A01 /* LoginView.swift in Sources */ = {isa = PBXBuildFile; fileRef = 98DF9FF9E682ED439398C38D /* LoginView.swift */; };
		13630EECD9FA421AEA8FE5F1 /* LanguageManager.swift in Sources */ = {isa = PBXBuildFile; fileRef = D607BA9C915A920CEC57842D /* LanguageManager.swift */; };
		1638C230E7523760B6CEDA94 /* PaymentStepView.swift in Sources */ = {isa = PBXBuildFile; fileRef = 9A7CF65A2AEA93EDC05BDBF6 /* PaymentStepView.swift */; };
		1E692ED646D45C14C7A86882 /* AuthService.swift in Sources */ = {isa = PBXBuildFile; fileRef = 3EC7EF0654A2A456B14E52A5 /* AuthService.swift */; };
		1E8045FACF592530295ACBD6 /* MarketingScreenshotTests.swift in Sources */ = {isa = PBXBuildFile; fileRef = B8E01813089345C06F7B5499 /* MarketingScreenshotTests.swift */; };
		1E9087DE48A98F8391B49E4F /* SwaplPageTitle.swift in Sources */ = {isa = PBXBuildFile; fileRef = BC51BEDDB64724941D1CAE27 /* SwaplPageTitle.swift */; };
		1EB702BD888B0CA98111570F /* PrivacyInfo.xcprivacy in Resources */ = {isa = PBXBuildFile; fileRef = 894AED6F36AAF11BFF8CA2FB /* PrivacyInfo.xcprivacy */; };
		23AA1EF7371D4101ED70891C /* APIClient.swift in Sources */ = {isa = PBXBuildFile; fileRef = 967B9C41F5F9438E30143514 /* APIClient.swift */; };
		274DA2C25CEC164CB11256CC /* Auth.swift in Sources */ = {isa = PBXBuildFile; fileRef = A9FBD4B316B85673A7BD2D2E /* Auth.swift */; };
		2B64C26032B8BA261A1EE899 /* ReferralRepository.swift in Sources */ = {isa = PBXBuildFile; fileRef = 1682FAF612F802B6DC0C9140 /* ReferralRepository.swift */; };
		2C34D1D71EA17CCE0E98CC70 /* DisputeCaseCard.swift in Sources */ = {isa = PBXBuildFile; fileRef = 3903F3A5CDC9027F9DE1E18E /* DisputeCaseCard.swift */; };
		2D19F23531E912DD9178EE7E /* Keys.swift in Sources */ = {isa = PBXBuildFile; fileRef = 0B99C1E41BBF19C90616B214 /* Keys.swift */; };
		2E03DA0A20134F3722419077 /* Proposal.swift in Sources */ = {isa = PBXBuildFile; fileRef = 9105E39884B94E60E5BF0FCB /* Proposal.swift */; };
		FEEB07E1836101E7626EFD40 /* ContactChannels.swift in Sources */ = {isa = PBXBuildFile; fileRef = D4ED778C03DDD46ED798E1EB /* ContactChannels.swift */; };
		2E0FDD5F1194477B07D92AC2 /* SwaplCreateListingView.swift in Sources */ = {isa = PBXBuildFile; fileRef = 4F1F33A43FA44B18F435BFEF /* SwaplCreateListingView.swift */; };
		301DF30C90EA44C7ADFA4769 /* PropertyVerificationRepository.swift in Sources */ = {isa = PBXBuildFile; fileRef = EDD08487D5CE6C55DAB16D19 /* PropertyVerificationRepository.swift */; };
		36A3FAA2B685C712E1A7E66E /* PublicProfileView.swift in Sources */ = {isa = PBXBuildFile; fileRef = 13E87AFF2208189D059454DA /* PublicProfileView.swift */; };
		38FFAA04AD5C5FD4661D8B53 /* SpeechRecorder.swift in Sources */ = {isa = PBXBuildFile; fileRef = E4889FE22A4C9D4BABC379E6 /* SpeechRecorder.swift */; };
		3953988739F964C99F08C0E2 /* SwapsInboxView.swift in Sources */ = {isa = PBXBuildFile; fileRef = 3D1A9E41690FE45EB220FB4A /* SwapsInboxView.swift */; };
		3C0B16C48AA50EA871490222 /* ProposalRepository.swift in Sources */ = {isa = PBXBuildFile; fileRef = F39E0749085C3E362B239A25 /* ProposalRepository.swift */; };
		3C468E83F14C65170AB87EE2 /* ProposalDraftEngine.swift in Sources */ = {isa = PBXBuildFile; fileRef = 4BC9312485BA546DE9DDA312 /* ProposalDraftEngine.swift */; };
		42E7606893193D6EE6499537 /* Inter-Variable.ttf in Resources */ = {isa = PBXBuildFile; fileRef = 6834A289CE48A812B8A38852 /* Inter-Variable.ttf */; };
		4636472154517A8492A9A5DD /* KeysStaysSection.swift in Sources */ = {isa = PBXBuildFile; fileRef = FF9C7B3EC9677F13EE45ECF1 /* KeysStaysSection.swift */; };
		47ABC2A9A39118AAC1CA8A6C /* KeysTransactionsView.swift in Sources */ = {isa = PBXBuildFile; fileRef = 21B7E1278A2EF72789A9AE78 /* KeysTransactionsView.swift */; };
		4954460104D27BCC493D9377 /* OwnerVerificationSheet.swift in Sources */ = {isa = PBXBuildFile; fileRef = 3092A45193B8AA45FFD34342 /* OwnerVerificationSheet.swift */; };
		4B3AD0F138265FA3B1D96DEF /* InterestsEditorView.swift in Sources */ = {isa = PBXBuildFile; fileRef = 166B9E5DAD1EE69ADA66080B /* InterestsEditorView.swift */; };
		4B8087CAA8A9AB69EFA30601 /* InviteAndEarnView.swift in Sources */ = {isa = PBXBuildFile; fileRef = 9A5972F3EEB9E3111A11D8F2 /* InviteAndEarnView.swift */; };
		4DC7B885AC12C565DDE80C57 /* CheckEventSheet.swift in Sources */ = {isa = PBXBuildFile; fileRef = 3F9F3B622AF0F19A1CE66060 /* CheckEventSheet.swift */; };
		4F2BF100C270F1F6A1AE58C1 /* TravelProfileView.swift in Sources */ = {isa = PBXBuildFile; fileRef = 63D199358A62C764FFD50BD6 /* TravelProfileView.swift */; };
		510830DC97DA55495B08EBC9 /* JetBrainsMono-Variable.ttf in Resources */ = {isa = PBXBuildFile; fileRef = 6CEA095CED7B7CAD626BC318 /* JetBrainsMono-Variable.ttf */; };
		560B17602F689159037DD5C3 /* UnreadStore.swift in Sources */ = {isa = PBXBuildFile; fileRef = 6625DA305EE56FBB09BB7C24 /* UnreadStore.swift */; };
		56E1320794D62E4631157BE8 /* ProfileRepository.swift in Sources */ = {isa = PBXBuildFile; fileRef = F03C53186E434F889C543582 /* ProfileRepository.swift */; };
		596D7BA5FCFBEB442686F32A /* KeysWalletView.swift in Sources */ = {isa = PBXBuildFile; fileRef = 6C9B4F0F13E2524FDF587BFA /* KeysWalletView.swift */; };
		5BD0A88CF9AD53F7EE507582 /* Fraunces-Italic-Variable.ttf in Resources */ = {isa = PBXBuildFile; fileRef = 66A0B174CF8A85F86C93F228 /* Fraunces-Italic-Variable.ttf */; };
		5D0F973ECE5BC06F12C0427B /* TripRepository.swift in Sources */ = {isa = PBXBuildFile; fileRef = 6DE55822504185C1726F7590 /* TripRepository.swift */; };
		63F5F682FBAD0E8EDF7A3007 /* Trip.swift in Sources */ = {isa = PBXBuildFile; fileRef = D2C15D1A79FEEAA9102F7520 /* Trip.swift */; };
		65EFA92459406FAB1651014D /* SurfaceCard.swift in Sources */ = {isa = PBXBuildFile; fileRef = BC848E7485CD6912E46E61BE /* SurfaceCard.swift */; };
		670D86836AE68EA719BB626D /* CitiesRepository.swift in Sources */ = {isa = PBXBuildFile; fileRef = 2F8086AB51A024B342543C18 /* CitiesRepository.swift */; };
		6BE10CCFE888C0BCED3C7A12 /* SwaplStoryView.swift in Sources */ = {isa = PBXBuildFile; fileRef = 1C77A2589550B9F463387094 /* SwaplStoryView.swift */; };
		6E368BC8D789B8BD18C4690B /* PushService.swift in Sources */ = {isa = PBXBuildFile; fileRef = CAEEE99CFDC981E6B91926F5 /* PushService.swift */; };
		6EDC2851AC6699DABF5CDD63 /* SavedSearchesView.swift in Sources */ = {isa = PBXBuildFile; fileRef = B364CD1F6F338349526C2C65 /* SavedSearchesView.swift */; };
		6FBB7E9F562680E39B84E3FE /* CityStamp.swift in Sources */ = {isa = PBXBuildFile; fileRef = 4BD0A0CB13B5D117AC603E41 /* CityStamp.swift */; };
		6FD9E408F7CFD3F2D3F0E862 /* Listing.swift in Sources */ = {isa = PBXBuildFile; fileRef = 9CCC5F71B34111A6A25719F4 /* Listing.swift */; };
		705A9936CCB76AF924721665 /* VerifiedOwnerBadge.swift in Sources */ = {isa = PBXBuildFile; fileRef = 6A49EDCB228216A26B9EA31C /* VerifiedOwnerBadge.swift */; };
		73EFA4722DCFCD5CAAC5C80C /* TravelWindow.swift in Sources */ = {isa = PBXBuildFile; fileRef = 32BC3634ACCFEE6B0949AC49 /* TravelWindow.swift */; };
		762691A8EE338BA81B65CA9B /* ListingDetailView.swift in Sources */ = {isa = PBXBuildFile; fileRef = 348C7476795E59B9F7C4360C /* ListingDetailView.swift */; };
		77BE80296D6FA035534F7FC8 /* PasskeyCoordinator.swift in Sources */ = {isa = PBXBuildFile; fileRef = 42F9DBBD16DDFF73DF7EEB49 /* PasskeyCoordinator.swift */; };
		79BABEED6AB2449E92D7351C /* TripsView.swift in Sources */ = {isa = PBXBuildFile; fileRef = 274F2340F268F02547B135E7 /* TripsView.swift */; };
		817AA32D947D5384C47CFA05 /* AccountView.swift in Sources */ = {isa = PBXBuildFile; fileRef = 6E72A38E93BF07A269B5A860 /* AccountView.swift */; };
		85E60D2EC077D5F6EBA8C390 /* PublishAck.swift in Sources */ = {isa = PBXBuildFile; fileRef = 88CDF96AA787954E6B258CE7 /* PublishAck.swift */; };
		8631C6131E59F65FAD09B6D4 /* PrimaryPill.swift in Sources */ = {isa = PBXBuildFile; fileRef = CCD681952D45568C94F736A2 /* PrimaryPill.swift */; };
		88DCCE9FC0D03F016E2EBEF6 /* DisputeFlowView.swift in Sources */ = {isa = PBXBuildFile; fileRef = 71AD1C5D134C55DFD558A982 /* DisputeFlowView.swift */; };
		8A08CC9325DE689FE2E1D202 /* ListingPhotoGalleryView.swift in Sources */ = {isa = PBXBuildFile; fileRef = 64D0EB47C8D8295095D265D6 /* ListingPhotoGalleryView.swift */; };
		8A383874E740D799C701825A /* CHANGES.md in Resources */ = {isa = PBXBuildFile; fileRef = 81DB4250C505E12AA24FD3B8 /* CHANGES.md */; };
		8AB0ADC83FAD22325D76D561 /* SwapMessage.swift in Sources */ = {isa = PBXBuildFile; fileRef = 8E7E8D4971C41BA23909093D /* SwapMessage.swift */; };
		8BD6E92752FEF19AB0E4E28E /* PersonalInfoView.swift in Sources */ = {isa = PBXBuildFile; fileRef = 1951608EE0445C6866D16B76 /* PersonalInfoView.swift */; };
		8D8068B081DC6B1C476999EA /* ListingRepository.swift in Sources */ = {isa = PBXBuildFile; fileRef = B0C16E51E119668C1E262BDB /* ListingRepository.swift */; };
		8E25C2BCDFF5B26158833E9D /* ConversationPeopleView.swift in Sources */ = {isa = PBXBuildFile; fileRef = A688EA805E6089C0F4C00878 /* ConversationPeopleView.swift */; };
		8FAA1E0A4B5259CACC27EE32 /* CityIllust.swift in Sources */ = {isa = PBXBuildFile; fileRef = 988E469B97C24C69D3CF04E2 /* CityIllust.swift */; };
		916F1E53FE23D2DCF28627A4 /* RateAppSheet.swift in Sources */ = {isa = PBXBuildFile; fileRef = B5E8D113F3B8A4A14DCC8140 /* RateAppSheet.swift */; };
		91F501F91EB061312E6E69A5 /* SwaplEmptyState.swift in Sources */ = {isa = PBXBuildFile; fileRef = 7CE353FCCFCE3DBB83ED7C8D /* SwaplEmptyState.swift */; };
		9239CF5AF751A30FC933193F /* ProofOfCoverBadge.swift in Sources */ = {isa = PBXBuildFile; fileRef = 9625256FBF2791330991EDB3 /* ProofOfCoverBadge.swift */; };
		94A7376576B5EFD95D9F3E6C /* WaysToEarnKeysSection.swift in Sources */ = {isa = PBXBuildFile; fileRef = 437D4F5127D670D35AE1E443 /* WaysToEarnKeysSection.swift */; };
		975F281EA211E4762D3F16AB /* FeatureWalkthroughTests.swift in Sources */ = {isa = PBXBuildFile; fileRef = FE175D04D0E8B92BDB0623DF /* FeatureWalkthroughTests.swift */; };
		9DF14AADB94ED9B3F7C76737 /* FavoritesStore.swift in Sources */ = {isa = PBXBuildFile; fileRef = EE3FA2100529AD4F37F95FDA /* FavoritesStore.swift */; };
		9ED412C1C16C1698D5295CA4 /* ExperiencesView.swift in Sources */ = {isa = PBXBuildFile; fileRef = FCCAE153D83BFB6194318E29 /* ExperiencesView.swift */; };
		9FB201F3E3C6723A6627AD92 /* ReportSheet.swift in Sources */ = {isa = PBXBuildFile; fileRef = 781B69502AE21A819387C19F /* ReportSheet.swift */; };
		A159F6C14AD3EAAE67FBCB0B /* SwapaliticsView.swift in Sources */ = {isa = PBXBuildFile; fileRef = 7BBA1A0FBCED10FC0F4C11A9 /* SwapaliticsView.swift */; };
		A19763CA566821073A00E4EE /* DiscoverRepository.swift in Sources */ = {isa = PBXBuildFile; fileRef = 6E8E82AC515E1376E1A1FB30 /* DiscoverRepository.swift */; };
		A2AB77A934125CF752B5C710 /* DisputeRepository.swift in Sources */ = {isa = PBXBuildFile; fileRef = 35F239592EDA9459EB5ABA1E /* DisputeRepository.swift */; };
		A3C42260DE018B11E3962F69 /* ListingCalendarEditorView.swift in Sources */ = {isa = PBXBuildFile; fileRef = A14FDEA84A230FABDE69D564 /* ListingCalendarEditorView.swift */; };
		A3E8A7FCE8B90BCB13F32DB6 /* ChatRepository.swift in Sources */ = {isa = PBXBuildFile; fileRef = B8AE27ECD7EFCDAD0C6D9E5F /* ChatRepository.swift */; };
		A4612BDBF2A88F47402144CE /* Availability.swift in Sources */ = {isa = PBXBuildFile; fileRef = 1F7B4163FD122E68FB389640 /* Availability.swift */; };
		A4DE418F40F63D5D46A60B30 /* Localizable.xcstrings in Resources */ = {isa = PBXBuildFile; fileRef = 53980DEFAFB361B5E8294BA3 /* Localizable.xcstrings */; };
		A75208B504924BD6B4EE6BFF /* LanguagePickerView.swift in Sources */ = {isa = PBXBuildFile; fileRef = 31611DB7E1884D52F48D20F6 /* LanguagePickerView.swift */; };
		A8F5EDDBDBC5050DDAC4A6AD /* WishlistsView.swift in Sources */ = {isa = PBXBuildFile; fileRef = 1CD770B97A9384AAECAFF4F3 /* WishlistsView.swift */; };
		AC754A8C18363E68BFAC274A /* AIDraftRepository.swift in Sources */ = {isa = PBXBuildFile; fileRef = 74FFE27F1A62902FFD0CFE96 /* AIDraftRepository.swift */; };
		ACD9753C612C2870B11AE400 /* TravelWindowsView.swift in Sources */ = {isa = PBXBuildFile; fileRef = 8F55E6580093FF8311EB4091 /* TravelWindowsView.swift */; };
		B0D339A23B011379C2FBD9A6 /* LocationPingService.swift in Sources */ = {isa = PBXBuildFile; fileRef = C60943A9E3847D774F811C77 /* LocationPingService.swift */; };
		B22399321C05438FA41249DB /* DeepLinkRoutingTests.swift in Sources */ = {isa = PBXBuildFile; fileRef = 2CD57A2AA63115467E0C218C /* DeepLinkRoutingTests.swift */; };
		B2EC2A048FC10FF33AE343D2 /* LocationSearchService.swift in Sources */ = {isa = PBXBuildFile; fileRef = A28819C43CFF4F1CECF89818 /* LocationSearchService.swift */; };
		B3BE098B95DBDDC8FE174FDF /* PasskeysView.swift in Sources */ = {isa = PBXBuildFile; fileRef = F6B943B148842E2CAEA5E64F /* PasskeysView.swift */; };
		B3EE938B553972B8AA20A5D7 /* SwapChatView.swift in Sources */ = {isa = PBXBuildFile; fileRef = A76A41CFCED4F4593E5317DD /* SwapChatView.swift */; };
		C37E5D582DD9EF9D58172533 /* FavoritesRepository.swift in Sources */ = {isa = PBXBuildFile; fileRef = 1D471415D3273EA410BB0599 /* FavoritesRepository.swift */; };
		C3E296FCE8CA05711DC8BF33 /* MetricsRepository.swift in Sources */ = {isa = PBXBuildFile; fileRef = FA8574BE693D92BD6FA207B6 /* MetricsRepository.swift */; };
		C4380034F6D9B20966B25C07 /* InspireView.swift in Sources */ = {isa = PBXBuildFile; fileRef = 78065E6D3BA14EC22992A812 /* InspireView.swift */; };
		C50E6EC4B47A130774948455 /* FilterSheetView.swift in Sources */ = {isa = PBXBuildFile; fileRef = 880076B1A21E1999A8C9F405 /* FilterSheetView.swift */; };
		C891793FB575D73DD4E0F494 /* Story.swift in Sources */ = {isa = PBXBuildFile; fileRef = C6399269847F1E81A5CD48B0 /* Story.swift */; };
		CA6E1F0EC764A412DA092FA5 /* AppFeedbackRepository.swift in Sources */ = {isa = PBXBuildFile; fileRef = 595F8A460E2778102DAB6D19 /* AppFeedbackRepository.swift */; };
		CE2E19FCF7D3A7155FABE8CA /* AIDraftProposalTests.swift in Sources */ = {isa = PBXBuildFile; fileRef = 1E7A43C69DAF904F0AB4E9AB /* AIDraftProposalTests.swift */; };
		CE547916295A1F6905C7C90A /* VerificationRepository.swift in Sources */ = {isa = PBXBuildFile; fileRef = D37E004482EF51FE52B2E81A /* VerificationRepository.swift */; };
		D3BE46BE6BB8151E73F00A04 /* StoryRepository.swift in Sources */ = {isa = PBXBuildFile; fileRef = 03169BD5D127856C30A8AA8A /* StoryRepository.swift */; };
		D74BBBC6F3B32322A6817C7D /* Dispute.swift in Sources */ = {isa = PBXBuildFile; fileRef = E26F930FB50115D11BD5133F /* Dispute.swift */; };
		DA8C3FCC1426E8B95A52BD96 /* SwaplDesignTokens in Frameworks */ = {isa = PBXBuildFile; productRef = A8D80844D3E9A3B2227C620A /* SwaplDesignTokens */; };
		DACBA4DA3BDA42660BC27C0B /* Profile.swift in Sources */ = {isa = PBXBuildFile; fileRef = FC8479450F71641A8B608B52 /* Profile.swift */; };
		DB917B61A5F6ED29B7343D60 /* SupportContactsRepository.swift in Sources */ = {isa = PBXBuildFile; fileRef = 4304221FC5395A99BFD852C1 /* SupportContactsRepository.swift */; };
		DC585C9A7870551BBEDC96F6 /* AccountSettingsViews.swift in Sources */ = {isa = PBXBuildFile; fileRef = 2B8B575D4DF74C9A08E326C3 /* AccountSettingsViews.swift */; };
		DC7257C5B79D0BCF1DB17753 /* LeaveReviewSheet.swift in Sources */ = {isa = PBXBuildFile; fileRef = 06335EFCBD6A3915C648EB60 /* LeaveReviewSheet.swift */; };
		DC939F3220AD8395C001D00D /* TripCockpitView.swift in Sources */ = {isa = PBXBuildFile; fileRef = 827286DDE5C491F6477A36FC /* TripCockpitView.swift */; };
		DD6B8B3250BD4BBD8D437B2C /* AvailabilityCalendar.swift in Sources */ = {isa = PBXBuildFile; fileRef = 526D3E645943E4B40E2EE02F /* AvailabilityCalendar.swift */; };
		DDADDE58A172128569BFAC19 /* SwaplFonts.swift in Sources */ = {isa = PBXBuildFile; fileRef = B5EFCDA48BC796DFB6CD1F56 /* SwaplFonts.swift */; };
		E196DAF965703EC0BE8EA230 /* IdentityVerificationCard.swift in Sources */ = {isa = PBXBuildFile; fileRef = 7CD6F3FA2F047154499EE042 /* IdentityVerificationCard.swift */; };
		E1ED619555C03A5F0C2325FB /* ReferrerNotificationsToast.swift in Sources */ = {isa = PBXBuildFile; fileRef = 1382129E24A1E08EAD67A84A /* ReferrerNotificationsToast.swift */; };
		E2FB54694BF2D5D9EE68F9C9 /* ServicesView.swift in Sources */ = {isa = PBXBuildFile; fileRef = 82C443E61DB79308D24B4ECB /* ServicesView.swift */; };
		E5FF16C039C517CC58D7C964 /* MetricsView.swift in Sources */ = {isa = PBXBuildFile; fileRef = 9AA825882F23D182F31FF514 /* MetricsView.swift */; };
		E61823B9C45DA5C0B834C7FC /* ConversationParticipant.swift in Sources */ = {isa = PBXBuildFile; fileRef = 77AD192DE305AAE02F6DBCD0 /* ConversationParticipant.swift */; };
		E7DCA90534AFD2EF6B97D7B3 /* SwapaliticsRepository.swift in Sources */ = {isa = PBXBuildFile; fileRef = DB36757D41C244F9AE10BF02 /* SwapaliticsRepository.swift */; };
		EBDDB31A079744568129222E /* HomeGuideEditorView.swift in Sources */ = {isa = PBXBuildFile; fileRef = EEDF6E34911C3ABCC1788F96 /* HomeGuideEditorView.swift */; };
		EDA6A0A0ABCE902B1F08214F /* ParticipantRepository.swift in Sources */ = {isa = PBXBuildFile; fileRef = CEBDE9C554FD3F5395E7EEAB /* ParticipantRepository.swift */; };
		EF219F8863CF71827410F3E4 /* DisputeOpenSheet.swift in Sources */ = {isa = PBXBuildFile; fileRef = CCF2FF97BD7916B883AF9588 /* DisputeOpenSheet.swift */; };
		EFC39E6E4220169A872C6C54 /* BrowseListView.swift in Sources */ = {isa = PBXBuildFile; fileRef = 1377DBF3697FDC7DB577BE96 /* BrowseListView.swift */; };
		F12C3AA109E59CDD8B01485E /* StayWithKeysSheet.swift in Sources */ = {isa = PBXBuildFile; fileRef = DE5F70A7273F8977F9D6AA44 /* StayWithKeysSheet.swift */; };
		F5DED2CA60E13745ECB55392 /* SafariView.swift in Sources */ = {isa = PBXBuildFile; fileRef = 983B04B9FE3BCB6E88265F17 /* SafariView.swift */; };
		F6DD61C4B515DF6184E8DCF0 /* TravelWindowRepository.swift in Sources */ = {isa = PBXBuildFile; fileRef = F1D94E1D6419374CABF68FFC /* TravelWindowRepository.swift */; };
		F8B86291642BA41527F4648B /* DeepLinkRouter.swift in Sources */ = {isa = PBXBuildFile; fileRef = 862B8E3CA191D3BF9EC25FDC /* DeepLinkRouter.swift */; };
		F9616C2B39409158D02A511F /* SwaplApp.swift in Sources */ = {isa = PBXBuildFile; fileRef = 482C55A61B818770C1E2FFE8 /* SwaplApp.swift */; };
		F9C0875A803E74754185798D /* CalendarRepository.swift in Sources */ = {isa = PBXBuildFile; fileRef = F01DADDB142AF68EF028B8B6 /* CalendarRepository.swift */; };
		FBEF57AC2F8FBE1ACBAF6DAD /* AirbnbStyle.swift in Sources */ = {isa = PBXBuildFile; fileRef = 10FAC49377D43C349AE9CEC3 /* AirbnbStyle.swift */; };
		FD2ACE491285E50BADCCABC4 /* AssistantRepository.swift in Sources */ = {isa = PBXBuildFile; fileRef = B6477E2C6B0E83939EAA03A8 /* AssistantRepository.swift */; };
		FE30B2545B06E5FE6755CDC9 /* Assets.xcassets in Resources */ = {isa = PBXBuildFile; fileRef = 832C6832461A871B16ADCD7A /* Assets.xcassets */; };
		FFB628B21B3C9A6DA0C2BD15 /* KeychainTokenStore.swift in Sources */ = {isa = PBXBuildFile; fileRef = A46C7E760D2DCAFBF17D7B01 /* KeychainTokenStore.swift */; };
/* End PBXBuildFile section */

/* Begin PBXContainerItemProxy section */
		5583C66286587B03085BFFB9 /* PBXContainerItemProxy */ = {
			isa = PBXContainerItemProxy;
			containerPortal = A8AF8FF63E9E2D8F7FFB7603 /* Project object */;
			proxyType = 1;
			remoteGlobalIDString = 4CEF102A42868339131384FC;
			remoteInfo = Swapl;
		};
/* End PBXContainerItemProxy section */

/* Begin PBXFileReference section */
		03169BD5D127856C30A8AA8A /* StoryRepository.swift */ = {isa = PBXFileReference; lastKnownFileType = sourcecode.swift; path = StoryRepository.swift; sourceTree = "<group>"; };
		06335EFCBD6A3915C648EB60 /* LeaveReviewSheet.swift */ = {isa = PBXFileReference; lastKnownFileType = sourcecode.swift; path = LeaveReviewSheet.swift; sourceTree = "<group>"; };
		0B99C1E41BBF19C90616B214 /* Keys.swift */ = {isa = PBXFileReference; lastKnownFileType = sourcecode.swift; path = Keys.swift; sourceTree = "<group>"; };
		0FB5692D60E8AAFB8D3017D8 /* Info.plist */ = {isa = PBXFileReference; lastKnownFileType = text.plist; path = Info.plist; sourceTree = "<group>"; };
		10FAC49377D43C349AE9CEC3 /* AirbnbStyle.swift */ = {isa = PBXFileReference; lastKnownFileType = sourcecode.swift; path = AirbnbStyle.swift; sourceTree = "<group>"; };
		12CFB58AC5BAA13BBCFEAEC8 /* Fraunces-Variable.ttf */ = {isa = PBXFileReference; lastKnownFileType = file; path = "Fraunces-Variable.ttf"; sourceTree = "<group>"; };
		1377DBF3697FDC7DB577BE96 /* BrowseListView.swift */ = {isa = PBXFileReference; lastKnownFileType = sourcecode.swift; path = BrowseListView.swift; sourceTree = "<group>"; };
		1382129E24A1E08EAD67A84A /* ReferrerNotificationsToast.swift */ = {isa = PBXFileReference; lastKnownFileType = sourcecode.swift; path = ReferrerNotificationsToast.swift; sourceTree = "<group>"; };
		13E87AFF2208189D059454DA /* PublicProfileView.swift */ = {isa = PBXFileReference; lastKnownFileType = sourcecode.swift; path = PublicProfileView.swift; sourceTree = "<group>"; };
		166B9E5DAD1EE69ADA66080B /* InterestsEditorView.swift */ = {isa = PBXFileReference; lastKnownFileType = sourcecode.swift; path = InterestsEditorView.swift; sourceTree = "<group>"; };
		1682FAF612F802B6DC0C9140 /* ReferralRepository.swift */ = {isa = PBXFileReference; lastKnownFileType = sourcecode.swift; path = ReferralRepository.swift; sourceTree = "<group>"; };
		1951608EE0445C6866D16B76 /* PersonalInfoView.swift */ = {isa = PBXFileReference; lastKnownFileType = sourcecode.swift; path = PersonalInfoView.swift; sourceTree = "<group>"; };
		1C77A2589550B9F463387094 /* SwaplStoryView.swift */ = {isa = PBXFileReference; lastKnownFileType = sourcecode.swift; path = SwaplStoryView.swift; sourceTree = "<group>"; };
		1CD770B97A9384AAECAFF4F3 /* WishlistsView.swift */ = {isa = PBXFileReference; lastKnownFileType = sourcecode.swift; path = WishlistsView.swift; sourceTree = "<group>"; };
		1D471415D3273EA410BB0599 /* FavoritesRepository.swift */ = {isa = PBXFileReference; lastKnownFileType = sourcecode.swift; path = FavoritesRepository.swift; sourceTree = "<group>"; };
		1E7A43C69DAF904F0AB4E9AB /* AIDraftProposalTests.swift */ = {isa = PBXFileReference; lastKnownFileType = sourcecode.swift; path = AIDraftProposalTests.swift; sourceTree = "<group>"; };
		1F7B4163FD122E68FB389640 /* Availability.swift */ = {isa = PBXFileReference; lastKnownFileType = sourcecode.swift; path = Availability.swift; sourceTree = "<group>"; };
		21B7E1278A2EF72789A9AE78 /* KeysTransactionsView.swift */ = {isa = PBXFileReference; lastKnownFileType = sourcecode.swift; path = KeysTransactionsView.swift; sourceTree = "<group>"; };
		274F2340F268F02547B135E7 /* TripsView.swift */ = {isa = PBXFileReference; lastKnownFileType = sourcecode.swift; path = TripsView.swift; sourceTree = "<group>"; };
		2B8B575D4DF74C9A08E326C3 /* AccountSettingsViews.swift */ = {isa = PBXFileReference; lastKnownFileType = sourcecode.swift; path = AccountSettingsViews.swift; sourceTree = "<group>"; };
		2CD57A2AA63115467E0C218C /* DeepLinkRoutingTests.swift */ = {isa = PBXFileReference; lastKnownFileType = sourcecode.swift; path = DeepLinkRoutingTests.swift; sourceTree = "<group>"; };
		2F8086AB51A024B342543C18 /* CitiesRepository.swift */ = {isa = PBXFileReference; lastKnownFileType = sourcecode.swift; path = CitiesRepository.swift; sourceTree = "<group>"; };
		3092A45193B8AA45FFD34342 /* OwnerVerificationSheet.swift */ = {isa = PBXFileReference; lastKnownFileType = sourcecode.swift; path = OwnerVerificationSheet.swift; sourceTree = "<group>"; };
		31611DB7E1884D52F48D20F6 /* LanguagePickerView.swift */ = {isa = PBXFileReference; lastKnownFileType = sourcecode.swift; path = LanguagePickerView.swift; sourceTree = "<group>"; };
		32BC3634ACCFEE6B0949AC49 /* TravelWindow.swift */ = {isa = PBXFileReference; lastKnownFileType = sourcecode.swift; path = TravelWindow.swift; sourceTree = "<group>"; };
		348C7476795E59B9F7C4360C /* ListingDetailView.swift */ = {isa = PBXFileReference; lastKnownFileType = sourcecode.swift; path = ListingDetailView.swift; sourceTree = "<group>"; };
		35F239592EDA9459EB5ABA1E /* DisputeRepository.swift */ = {isa = PBXFileReference; lastKnownFileType = sourcecode.swift; path = DisputeRepository.swift; sourceTree = "<group>"; };
		3903F3A5CDC9027F9DE1E18E /* DisputeCaseCard.swift */ = {isa = PBXFileReference; lastKnownFileType = sourcecode.swift; path = DisputeCaseCard.swift; sourceTree = "<group>"; };
		3D1A9E41690FE45EB220FB4A /* SwapsInboxView.swift */ = {isa = PBXFileReference; lastKnownFileType = sourcecode.swift; path = SwapsInboxView.swift; sourceTree = "<group>"; };
		3EC7EF0654A2A456B14E52A5 /* AuthService.swift */ = {isa = PBXFileReference; lastKnownFileType = sourcecode.swift; path = AuthService.swift; sourceTree = "<group>"; };
		3F9F3B622AF0F19A1CE66060 /* CheckEventSheet.swift */ = {isa = PBXFileReference; lastKnownFileType = sourcecode.swift; path = CheckEventSheet.swift; sourceTree = "<group>"; };
		42F9DBBD16DDFF73DF7EEB49 /* PasskeyCoordinator.swift */ = {isa = PBXFileReference; lastKnownFileType = sourcecode.swift; path = PasskeyCoordinator.swift; sourceTree = "<group>"; };
		4304221FC5395A99BFD852C1 /* SupportContactsRepository.swift */ = {isa = PBXFileReference; lastKnownFileType = sourcecode.swift; path = SupportContactsRepository.swift; sourceTree = "<group>"; };
		437D4F5127D670D35AE1E443 /* WaysToEarnKeysSection.swift */ = {isa = PBXFileReference; lastKnownFileType = sourcecode.swift; path = WaysToEarnKeysSection.swift; sourceTree = "<group>"; };
		482C55A61B818770C1E2FFE8 /* SwaplApp.swift */ = {isa = PBXFileReference; lastKnownFileType = sourcecode.swift; path = SwaplApp.swift; sourceTree = "<group>"; };
		4BC9312485BA546DE9DDA312 /* ProposalDraftEngine.swift */ = {isa = PBXFileReference; lastKnownFileType = sourcecode.swift; path = ProposalDraftEngine.swift; sourceTree = "<group>"; };
		4BD0A0CB13B5D117AC603E41 /* CityStamp.swift */ = {isa = PBXFileReference; lastKnownFileType = sourcecode.swift; path = CityStamp.swift; sourceTree = "<group>"; };
		4F1F33A43FA44B18F435BFEF /* SwaplCreateListingView.swift */ = {isa = PBXFileReference; lastKnownFileType = sourcecode.swift; path = SwaplCreateListingView.swift; sourceTree = "<group>"; };
		526D3E645943E4B40E2EE02F /* AvailabilityCalendar.swift */ = {isa = PBXFileReference; lastKnownFileType = sourcecode.swift; path = AvailabilityCalendar.swift; sourceTree = "<group>"; };
		53980DEFAFB361B5E8294BA3 /* Localizable.xcstrings */ = {isa = PBXFileReference; lastKnownFileType = text.json.xcstrings; path = Localizable.xcstrings; sourceTree = "<group>"; };
		595F8A460E2778102DAB6D19 /* AppFeedbackRepository.swift */ = {isa = PBXFileReference; lastKnownFileType = sourcecode.swift; path = AppFeedbackRepository.swift; sourceTree = "<group>"; };
		63D199358A62C764FFD50BD6 /* TravelProfileView.swift */ = {isa = PBXFileReference; lastKnownFileType = sourcecode.swift; path = TravelProfileView.swift; sourceTree = "<group>"; };
		64D0EB47C8D8295095D265D6 /* ListingPhotoGalleryView.swift */ = {isa = PBXFileReference; lastKnownFileType = sourcecode.swift; path = ListingPhotoGalleryView.swift; sourceTree = "<group>"; };
		65E4EC474A4BB7E4FBB7F2B6 /* NightlyKeysExplainerSheet.swift */ = {isa = PBXFileReference; lastKnownFileType = sourcecode.swift; path = NightlyKeysExplainerSheet.swift; sourceTree = "<group>"; };
		6625DA305EE56FBB09BB7C24 /* UnreadStore.swift */ = {isa = PBXFileReference; lastKnownFileType = sourcecode.swift; path = UnreadStore.swift; sourceTree = "<group>"; };
		66A0B174CF8A85F86C93F228 /* Fraunces-Italic-Variable.ttf */ = {isa = PBXFileReference; lastKnownFileType = file; path = "Fraunces-Italic-Variable.ttf"; sourceTree = "<group>"; };
		6834A289CE48A812B8A38852 /* Inter-Variable.ttf */ = {isa = PBXFileReference; lastKnownFileType = file; path = "Inter-Variable.ttf"; sourceTree = "<group>"; };
		69F50D0C2FA71A035FEFE2AF /* Swapl.entitlements */ = {isa = PBXFileReference; lastKnownFileType = text.plist.entitlements; path = Swapl.entitlements; sourceTree = "<group>"; };
		6A49EDCB228216A26B9EA31C /* VerifiedOwnerBadge.swift */ = {isa = PBXFileReference; lastKnownFileType = sourcecode.swift; path = VerifiedOwnerBadge.swift; sourceTree = "<group>"; };
		6C9B4F0F13E2524FDF587BFA /* KeysWalletView.swift */ = {isa = PBXFileReference; lastKnownFileType = sourcecode.swift; path = KeysWalletView.swift; sourceTree = "<group>"; };
		6CEA095CED7B7CAD626BC318 /* JetBrainsMono-Variable.ttf */ = {isa = PBXFileReference; lastKnownFileType = file; path = "JetBrainsMono-Variable.ttf"; sourceTree = "<group>"; };
		6DE55822504185C1726F7590 /* TripRepository.swift */ = {isa = PBXFileReference; lastKnownFileType = sourcecode.swift; path = TripRepository.swift; sourceTree = "<group>"; };
		6E72A38E93BF07A269B5A860 /* AccountView.swift */ = {isa = PBXFileReference; lastKnownFileType = sourcecode.swift; path = AccountView.swift; sourceTree = "<group>"; };
		6E8E82AC515E1376E1A1FB30 /* DiscoverRepository.swift */ = {isa = PBXFileReference; lastKnownFileType = sourcecode.swift; path = DiscoverRepository.swift; sourceTree = "<group>"; };
		71AD1C5D134C55DFD558A982 /* DisputeFlowView.swift */ = {isa = PBXFileReference; lastKnownFileType = sourcecode.swift; path = DisputeFlowView.swift; sourceTree = "<group>"; };
		74FFE27F1A62902FFD0CFE96 /* AIDraftRepository.swift */ = {isa = PBXFileReference; lastKnownFileType = sourcecode.swift; path = AIDraftRepository.swift; sourceTree = "<group>"; };
		76DD8536C922B611CF6505BC /* SwaplUITests.xctest */ = {isa = PBXFileReference; includeInIndex = 0; lastKnownFileType = wrapper.cfbundle; path = SwaplUITests.xctest; sourceTree = BUILT_PRODUCTS_DIR; };
		77AD192DE305AAE02F6DBCD0 /* ConversationParticipant.swift */ = {isa = PBXFileReference; lastKnownFileType = sourcecode.swift; path = ConversationParticipant.swift; sourceTree = "<group>"; };
		78065E6D3BA14EC22992A812 /* InspireView.swift */ = {isa = PBXFileReference; lastKnownFileType = sourcecode.swift; path = InspireView.swift; sourceTree = "<group>"; };
		781B69502AE21A819387C19F /* ReportSheet.swift */ = {isa = PBXFileReference; lastKnownFileType = sourcecode.swift; path = ReportSheet.swift; sourceTree = "<group>"; };
		7BBA1A0FBCED10FC0F4C11A9 /* SwapaliticsView.swift */ = {isa = PBXFileReference; lastKnownFileType = sourcecode.swift; path = SwapaliticsView.swift; sourceTree = "<group>"; };
		7CD6F3FA2F047154499EE042 /* IdentityVerificationCard.swift */ = {isa = PBXFileReference; lastKnownFileType = sourcecode.swift; path = IdentityVerificationCard.swift; sourceTree = "<group>"; };
		7CE353FCCFCE3DBB83ED7C8D /* SwaplEmptyState.swift */ = {isa = PBXFileReference; lastKnownFileType = sourcecode.swift; path = SwaplEmptyState.swift; sourceTree = "<group>"; };
		81DB4250C505E12AA24FD3B8 /* CHANGES.md */ = {isa = PBXFileReference; lastKnownFileType = net.daringfireball.markdown; path = CHANGES.md; sourceTree = "<group>"; };
		827286DDE5C491F6477A36FC /* TripCockpitView.swift */ = {isa = PBXFileReference; lastKnownFileType = sourcecode.swift; path = TripCockpitView.swift; sourceTree = "<group>"; };
		82C443E61DB79308D24B4ECB /* ServicesView.swift */ = {isa = PBXFileReference; lastKnownFileType = sourcecode.swift; path = ServicesView.swift; sourceTree = "<group>"; };
		832C6832461A871B16ADCD7A /* Assets.xcassets */ = {isa = PBXFileReference; lastKnownFileType = folder.assetcatalog; path = Assets.xcassets; sourceTree = "<group>"; };
		83F8D20A60DA002DAD6CA36A /* GoogleSignInCoordinator.swift */ = {isa = PBXFileReference; lastKnownFileType = sourcecode.swift; path = GoogleSignInCoordinator.swift; sourceTree = "<group>"; };
		862B8E3CA191D3BF9EC25FDC /* DeepLinkRouter.swift */ = {isa = PBXFileReference; lastKnownFileType = sourcecode.swift; path = DeepLinkRouter.swift; sourceTree = "<group>"; };
		880076B1A21E1999A8C9F405 /* FilterSheetView.swift */ = {isa = PBXFileReference; lastKnownFileType = sourcecode.swift; path = FilterSheetView.swift; sourceTree = "<group>"; };
		88CDF96AA787954E6B258CE7 /* PublishAck.swift */ = {isa = PBXFileReference; lastKnownFileType = sourcecode.swift; path = PublishAck.swift; sourceTree = "<group>"; };
		88FE15DAF7CB60D8091AAB48 /* Theme.swift */ = {isa = PBXFileReference; lastKnownFileType = sourcecode.swift; path = Theme.swift; sourceTree = "<group>"; };
		894AED6F36AAF11BFF8CA2FB /* PrivacyInfo.xcprivacy */ = {isa = PBXFileReference; path = PrivacyInfo.xcprivacy; sourceTree = "<group>"; };
		8E7E8D4971C41BA23909093D /* SwapMessage.swift */ = {isa = PBXFileReference; lastKnownFileType = sourcecode.swift; path = SwapMessage.swift; sourceTree = "<group>"; };
		8F55E6580093FF8311EB4091 /* TravelWindowsView.swift */ = {isa = PBXFileReference; lastKnownFileType = sourcecode.swift; path = TravelWindowsView.swift; sourceTree = "<group>"; };
		9105E39884B94E60E5BF0FCB /* Proposal.swift */ = {isa = PBXFileReference; lastKnownFileType = sourcecode.swift; path = Proposal.swift; sourceTree = "<group>"; };
		D4ED778C03DDD46ED798E1EB /* ContactChannels.swift */ = {isa = PBXFileReference; lastKnownFileType = sourcecode.swift; path = ContactChannels.swift; sourceTree = "<group>"; };
		9625256FBF2791330991EDB3 /* ProofOfCoverBadge.swift */ = {isa = PBXFileReference; lastKnownFileType = sourcecode.swift; path = ProofOfCoverBadge.swift; sourceTree = "<group>"; };
		967B9C41F5F9438E30143514 /* APIClient.swift */ = {isa = PBXFileReference; lastKnownFileType = sourcecode.swift; path = APIClient.swift; sourceTree = "<group>"; };
		983B04B9FE3BCB6E88265F17 /* SafariView.swift */ = {isa = PBXFileReference; lastKnownFileType = sourcecode.swift; path = SafariView.swift; sourceTree = "<group>"; };
		988E469B97C24C69D3CF04E2 /* CityIllust.swift */ = {isa = PBXFileReference; lastKnownFileType = sourcecode.swift; path = CityIllust.swift; sourceTree = "<group>"; };
		98DF9FF9E682ED439398C38D /* LoginView.swift */ = {isa = PBXFileReference; lastKnownFileType = sourcecode.swift; path = LoginView.swift; sourceTree = "<group>"; };
		9A5972F3EEB9E3111A11D8F2 /* InviteAndEarnView.swift */ = {isa = PBXFileReference; lastKnownFileType = sourcecode.swift; path = InviteAndEarnView.swift; sourceTree = "<group>"; };
		9A7CF65A2AEA93EDC05BDBF6 /* PaymentStepView.swift */ = {isa = PBXFileReference; lastKnownFileType = sourcecode.swift; path = PaymentStepView.swift; sourceTree = "<group>"; };
		9AA825882F23D182F31FF514 /* MetricsView.swift */ = {isa = PBXFileReference; lastKnownFileType = sourcecode.swift; path = MetricsView.swift; sourceTree = "<group>"; };
		9CCC5F71B34111A6A25719F4 /* Listing.swift */ = {isa = PBXFileReference; lastKnownFileType = sourcecode.swift; path = Listing.swift; sourceTree = "<group>"; };
		9F3F93F6DC0482992C95B3A1 /* SwaplCreateListingIntent.swift */ = {isa = PBXFileReference; lastKnownFileType = sourcecode.swift; path = SwaplCreateListingIntent.swift; sourceTree = "<group>"; };
		710E939848147AE19616F70D /* SwaplSiriEntities.swift */ = {isa = PBXFileReference; lastKnownFileType = sourcecode.swift; path = SwaplSiriEntities.swift; sourceTree = "<group>"; };
		4A622ABD6B1617D96CD8D49C /* SwaplSiriIntents.swift */ = {isa = PBXFileReference; lastKnownFileType = sourcecode.swift; path = SwaplSiriIntents.swift; sourceTree = "<group>"; };
		A14FDEA84A230FABDE69D564 /* ListingCalendarEditorView.swift */ = {isa = PBXFileReference; lastKnownFileType = sourcecode.swift; path = ListingCalendarEditorView.swift; sourceTree = "<group>"; };
		A1E4A3420C9FC28FE105C9A4 /* Swapl.app */ = {isa = PBXFileReference; includeInIndex = 0; lastKnownFileType = wrapper.application; path = Swapl.app; sourceTree = BUILT_PRODUCTS_DIR; };
		A28819C43CFF4F1CECF89818 /* LocationSearchService.swift */ = {isa = PBXFileReference; lastKnownFileType = sourcecode.swift; path = LocationSearchService.swift; sourceTree = "<group>"; };
		A46C7E760D2DCAFBF17D7B01 /* KeychainTokenStore.swift */ = {isa = PBXFileReference; lastKnownFileType = sourcecode.swift; path = KeychainTokenStore.swift; sourceTree = "<group>"; };
		A688EA805E6089C0F4C00878 /* ConversationPeopleView.swift */ = {isa = PBXFileReference; lastKnownFileType = sourcecode.swift; path = ConversationPeopleView.swift; sourceTree = "<group>"; };
		A76A41CFCED4F4593E5317DD /* SwapChatView.swift */ = {isa = PBXFileReference; lastKnownFileType = sourcecode.swift; path = SwapChatView.swift; sourceTree = "<group>"; };
		A9FBD4B316B85673A7BD2D2E /* Auth.swift */ = {isa = PBXFileReference; lastKnownFileType = sourcecode.swift; path = Auth.swift; sourceTree = "<group>"; };
		B0C16E51E119668C1E262BDB /* ListingRepository.swift */ = {isa = PBXFileReference; lastKnownFileType = sourcecode.swift; path = ListingRepository.swift; sourceTree = "<group>"; };
		B2ECF15F803E263DBFEB14FC /* swift */ = {isa = PBXFileReference; lastKnownFileType = folder; name = swift; path = "../packages/design-tokens/build/swift"; sourceTree = SOURCE_ROOT; };
		B364CD1F6F338349526C2C65 /* SavedSearchesView.swift */ = {isa = PBXFileReference; lastKnownFileType = sourcecode.swift; path = SavedSearchesView.swift; sourceTree = "<group>"; };
		B5E8D113F3B8A4A14DCC8140 /* RateAppSheet.swift */ = {isa = PBXFileReference; lastKnownFileType = sourcecode.swift; path = RateAppSheet.swift; sourceTree = "<group>"; };
		B5EFCDA48BC796DFB6CD1F56 /* SwaplFonts.swift */ = {isa = PBXFileReference; lastKnownFileType = sourcecode.swift; path = SwaplFonts.swift; sourceTree = "<group>"; };
		B6477E2C6B0E83939EAA03A8 /* AssistantRepository.swift */ = {isa = PBXFileReference; lastKnownFileType = sourcecode.swift; path = AssistantRepository.swift; sourceTree = "<group>"; };
		B8AE27ECD7EFCDAD0C6D9E5F /* ChatRepository.swift */ = {isa = PBXFileReference; lastKnownFileType = sourcecode.swift; path = ChatRepository.swift; sourceTree = "<group>"; };
		B8E01813089345C06F7B5499 /* MarketingScreenshotTests.swift */ = {isa = PBXFileReference; lastKnownFileType = sourcecode.swift; path = MarketingScreenshotTests.swift; sourceTree = "<group>"; };
		BC51BEDDB64724941D1CAE27 /* SwaplPageTitle.swift */ = {isa = PBXFileReference; lastKnownFileType = sourcecode.swift; path = SwaplPageTitle.swift; sourceTree = "<group>"; };
		BC848E7485CD6912E46E61BE /* SurfaceCard.swift */ = {isa = PBXFileReference; lastKnownFileType = sourcecode.swift; path = SurfaceCard.swift; sourceTree = "<group>"; };
		C60943A9E3847D774F811C77 /* LocationPingService.swift */ = {isa = PBXFileReference; lastKnownFileType = sourcecode.swift; path = LocationPingService.swift; sourceTree = "<group>"; };
		C6399269847F1E81A5CD48B0 /* Story.swift */ = {isa = PBXFileReference; lastKnownFileType = sourcecode.swift; path = Story.swift; sourceTree = "<group>"; };
		CAEEE99CFDC981E6B91926F5 /* PushService.swift */ = {isa = PBXFileReference; lastKnownFileType = sourcecode.swift; path = PushService.swift; sourceTree = "<group>"; };
		CCD681952D45568C94F736A2 /* PrimaryPill.swift */ = {isa = PBXFileReference; lastKnownFileType = sourcecode.swift; path = PrimaryPill.swift; sourceTree = "<group>"; };
		CCF2FF97BD7916B883AF9588 /* DisputeOpenSheet.swift */ = {isa = PBXFileReference; lastKnownFileType = sourcecode.swift; path = DisputeOpenSheet.swift; sourceTree = "<group>"; };
		CEBDE9C554FD3F5395E7EEAB /* ParticipantRepository.swift */ = {isa = PBXFileReference; lastKnownFileType = sourcecode.swift; path = ParticipantRepository.swift; sourceTree = "<group>"; };
		D2C15D1A79FEEAA9102F7520 /* Trip.swift */ = {isa = PBXFileReference; lastKnownFileType = sourcecode.swift; path = Trip.swift; sourceTree = "<group>"; };
		D37E004482EF51FE52B2E81A /* VerificationRepository.swift */ = {isa = PBXFileReference; lastKnownFileType = sourcecode.swift; path = VerificationRepository.swift; sourceTree = "<group>"; };
		D607BA9C915A920CEC57842D /* LanguageManager.swift */ = {isa = PBXFileReference; lastKnownFileType = sourcecode.swift; path = LanguageManager.swift; sourceTree = "<group>"; };
		DB36757D41C244F9AE10BF02 /* SwapaliticsRepository.swift */ = {isa = PBXFileReference; lastKnownFileType = sourcecode.swift; path = SwapaliticsRepository.swift; sourceTree = "<group>"; };
		DBC8253E8B03396CC68DBEDE /* Referral.swift */ = {isa = PBXFileReference; lastKnownFileType = sourcecode.swift; path = Referral.swift; sourceTree = "<group>"; };
		DCC3CE2737C2B041ADE0B63C /* SwaplImage.swift */ = {isa = PBXFileReference; lastKnownFileType = sourcecode.swift; path = SwaplImage.swift; sourceTree = "<group>"; };
		DE5F70A7273F8977F9D6AA44 /* StayWithKeysSheet.swift */ = {isa = PBXFileReference; lastKnownFileType = sourcecode.swift; path = StayWithKeysSheet.swift; sourceTree = "<group>"; };
		E26F930FB50115D11BD5133F /* Dispute.swift */ = {isa = PBXFileReference; lastKnownFileType = sourcecode.swift; path = Dispute.swift; sourceTree = "<group>"; };
		E4889FE22A4C9D4BABC379E6 /* SpeechRecorder.swift */ = {isa = PBXFileReference; lastKnownFileType = sourcecode.swift; path = SpeechRecorder.swift; sourceTree = "<group>"; };
		EDD08487D5CE6C55DAB16D19 /* PropertyVerificationRepository.swift */ = {isa = PBXFileReference; lastKnownFileType = sourcecode.swift; path = PropertyVerificationRepository.swift; sourceTree = "<group>"; };
		EE3FA2100529AD4F37F95FDA /* FavoritesStore.swift */ = {isa = PBXFileReference; lastKnownFileType = sourcecode.swift; path = FavoritesStore.swift; sourceTree = "<group>"; };
		EEDF6E34911C3ABCC1788F96 /* HomeGuideEditorView.swift */ = {isa = PBXFileReference; lastKnownFileType = sourcecode.swift; path = HomeGuideEditorView.swift; sourceTree = "<group>"; };
		F01DADDB142AF68EF028B8B6 /* CalendarRepository.swift */ = {isa = PBXFileReference; lastKnownFileType = sourcecode.swift; path = CalendarRepository.swift; sourceTree = "<group>"; };
		F03C53186E434F889C543582 /* ProfileRepository.swift */ = {isa = PBXFileReference; lastKnownFileType = sourcecode.swift; path = ProfileRepository.swift; sourceTree = "<group>"; };
		F1D94E1D6419374CABF68FFC /* TravelWindowRepository.swift */ = {isa = PBXFileReference; lastKnownFileType = sourcecode.swift; path = TravelWindowRepository.swift; sourceTree = "<group>"; };
		F39E0749085C3E362B239A25 /* ProposalRepository.swift */ = {isa = PBXFileReference; lastKnownFileType = sourcecode.swift; path = ProposalRepository.swift; sourceTree = "<group>"; };
		F6B943B148842E2CAEA5E64F /* PasskeysView.swift */ = {isa = PBXFileReference; lastKnownFileType = sourcecode.swift; path = PasskeysView.swift; sourceTree = "<group>"; };
		FA8574BE693D92BD6FA207B6 /* MetricsRepository.swift */ = {isa = PBXFileReference; lastKnownFileType = sourcecode.swift; path = MetricsRepository.swift; sourceTree = "<group>"; };
		FC8479450F71641A8B608B52 /* Profile.swift */ = {isa = PBXFileReference; lastKnownFileType = sourcecode.swift; path = Profile.swift; sourceTree = "<group>"; };
		FCCAE153D83BFB6194318E29 /* ExperiencesView.swift */ = {isa = PBXFileReference; lastKnownFileType = sourcecode.swift; path = ExperiencesView.swift; sourceTree = "<group>"; };
		FE175D04D0E8B92BDB0623DF /* FeatureWalkthroughTests.swift */ = {isa = PBXFileReference; lastKnownFileType = sourcecode.swift; path = FeatureWalkthroughTests.swift; sourceTree = "<group>"; };
		FE31B7FB667BE216C5111617 /* KeysRepository.swift */ = {isa = PBXFileReference; lastKnownFileType = sourcecode.swift; path = KeysRepository.swift; sourceTree = "<group>"; };
		FF9C7B3EC9677F13EE45ECF1 /* KeysStaysSection.swift */ = {isa = PBXFileReference; lastKnownFileType = sourcecode.swift; path = KeysStaysSection.swift; sourceTree = "<group>"; };
/* End PBXFileReference section */

/* Begin PBXFrameworksBuildPhase section */
		41F063BFE64049F4CA08E977 /* Frameworks */ = {
			isa = PBXFrameworksBuildPhase;
			buildActionMask = 2147483647;
			files = (
				DA8C3FCC1426E8B95A52BD96 /* SwaplDesignTokens in Frameworks */,
			);
			runOnlyForDeploymentPostprocessing = 0;
		};
/* End PBXFrameworksBuildPhase section */

/* Begin PBXGroup section */
		0EA051C9F1519EEF833938DB = {
			isa = PBXGroup;
			children = (
				FB1C98F18B4F5486C00E60E1 /* Packages */,
				BD437EA44DBE112FC0D7B43D /* Swapl */,
				B1DE064E80E30963D21B529F /* SwaplUITests */,
				F18B78D06D59639966229328 /* Products */,
			);
			sourceTree = "<group>";
		};
		0F04FED71D1B8A3C1641EBD6 /* Resources */ = {
			isa = PBXGroup;
			children = (
				4532FA3401E257CB9E58EE02 /* Fonts */,
			);
			path = Resources;
			sourceTree = "<group>";
		};
		11D28382AF7D461233739BD1 /* Favorites */ = {
			isa = PBXGroup;
			children = (
				EE3FA2100529AD4F37F95FDA /* FavoritesStore.swift */,
			);
			path = Favorites;
			sourceTree = "<group>";
		};
		1C15A4604733F0C468E42D15 /* Localization */ = {
			isa = PBXGroup;
			children = (
				D607BA9C915A920CEC57842D /* LanguageManager.swift */,
			);
			path = Localization;
			sourceTree = "<group>";
		};
		3BE8C0280AAC3C6E51F7C3A0 /* Discover */ = {
			isa = PBXGroup;
			children = (
				FCCAE153D83BFB6194318E29 /* ExperiencesView.swift */,
				983B04B9FE3BCB6E88265F17 /* SafariView.swift */,
				82C443E61DB79308D24B4ECB /* ServicesView.swift */,
			);
			path = Discover;
			sourceTree = "<group>";
		};
		419D45CE450828EE48D44A5B /* Push */ = {
			isa = PBXGroup;
			children = (
				CAEEE99CFDC981E6B91926F5 /* PushService.swift */,
			);
			path = Push;
			sourceTree = "<group>";
		};
		4532FA3401E257CB9E58EE02 /* Fonts */ = {
			isa = PBXGroup;
			children = (
				66A0B174CF8A85F86C93F228 /* Fraunces-Italic-Variable.ttf */,
				12CFB58AC5BAA13BBCFEAEC8 /* Fraunces-Variable.ttf */,
				6834A289CE48A812B8A38852 /* Inter-Variable.ttf */,
				6CEA095CED7B7CAD626BC318 /* JetBrainsMono-Variable.ttf */,
			);
			path = Fonts;
			sourceTree = "<group>";
		};
		47D59144756EF65FE9EA96A6 /* Auth */ = {
			isa = PBXGroup;
			children = (
				3EC7EF0654A2A456B14E52A5 /* AuthService.swift */,
				A46C7E760D2DCAFBF17D7B01 /* KeychainTokenStore.swift */,
				42F9DBBD16DDFF73DF7EEB49 /* PasskeyCoordinator.swift */,
			);
			path = Auth;
			sourceTree = "<group>";
		};
		514178AAFBA433B4FB51C2EE /* Components */ = {
			isa = PBXGroup;
			children = (
				526D3E645943E4B40E2EE02F /* AvailabilityCalendar.swift */,
				4BD0A0CB13B5D117AC603E41 /* CityStamp.swift */,
				CCD681952D45568C94F736A2 /* PrimaryPill.swift */,
				BC848E7485CD6912E46E61BE /* SurfaceCard.swift */,
				7CE353FCCFCE3DBB83ED7C8D /* SwaplEmptyState.swift */,
				BC51BEDDB64724941D1CAE27 /* SwaplPageTitle.swift */,
				6A49EDCB228216A26B9EA31C /* VerifiedOwnerBadge.swift */,
			);
			path = Components;
			sourceTree = "<group>";
		};
		5655254325D25B334967473A /* Repositories */ = {
			isa = PBXGroup;
			children = (
				74FFE27F1A62902FFD0CFE96 /* AIDraftRepository.swift */,
				595F8A460E2778102DAB6D19 /* AppFeedbackRepository.swift */,
				B6477E2C6B0E83939EAA03A8 /* AssistantRepository.swift */,
				F01DADDB142AF68EF028B8B6 /* CalendarRepository.swift */,
				B8AE27ECD7EFCDAD0C6D9E5F /* ChatRepository.swift */,
				2F8086AB51A024B342543C18 /* CitiesRepository.swift */,
				6E8E82AC515E1376E1A1FB30 /* DiscoverRepository.swift */,
				35F239592EDA9459EB5ABA1E /* DisputeRepository.swift */,
				1D471415D3273EA410BB0599 /* FavoritesRepository.swift */,
				FE31B7FB667BE216C5111617 /* KeysRepository.swift */,
				B0C16E51E119668C1E262BDB /* ListingRepository.swift */,
				FA8574BE693D92BD6FA207B6 /* MetricsRepository.swift */,
				CEBDE9C554FD3F5395E7EEAB /* ParticipantRepository.swift */,
				F03C53186E434F889C543582 /* ProfileRepository.swift */,
				EDD08487D5CE6C55DAB16D19 /* PropertyVerificationRepository.swift */,
				F39E0749085C3E362B239A25 /* ProposalRepository.swift */,
				1682FAF612F802B6DC0C9140 /* ReferralRepository.swift */,
				03169BD5D127856C30A8AA8A /* StoryRepository.swift */,
				4304221FC5395A99BFD852C1 /* SupportContactsRepository.swift */,
				DB36757D41C244F9AE10BF02 /* SwapaliticsRepository.swift */,
				F1D94E1D6419374CABF68FFC /* TravelWindowRepository.swift */,
				6DE55822504185C1726F7590 /* TripRepository.swift */,
				6625DA305EE56FBB09BB7C24 /* UnreadStore.swift */,
				D37E004482EF51FE52B2E81A /* VerificationRepository.swift */,
			);
			path = Repositories;
			sourceTree = "<group>";
		};
		58C8CE26DE660BACBC4EB06C /* Features */ = {
			isa = PBXGroup;
			children = (
				594E17D3124F526B1BB9509D /* Auth */,
				3BE8C0280AAC3C6E51F7C3A0 /* Discover */,
				ECBB898CCE009246F8E96B8F /* Inspire */,
				76A11B67909284CF3B1E16F7 /* Keys */,
				9062091F7BC2CFA3011D3F11 /* Listings */,
				9ED48DF98918CA096D774EBD /* Profile */,
				7553B998B4C3162FDAFA0A54 /* Referrals */,
				E931644CBEED9106DB254E61 /* Swaps */,
				D6E37CA016AB8ADCC34BEB5D /* Trips */,
				F9399FCC26E09A3734484DC5 /* Wishlists */,
			);
			path = Features;
			sourceTree = "<group>";
		};
		594E17D3124F526B1BB9509D /* Auth */ = {
			isa = PBXGroup;
			children = (
				83F8D20A60DA002DAD6CA36A /* GoogleSignInCoordinator.swift */,
				98DF9FF9E682ED439398C38D /* LoginView.swift */,
			);
			path = Auth;
			sourceTree = "<group>";
		};
		7553B998B4C3162FDAFA0A54 /* Referrals */ = {
			isa = PBXGroup;
			children = (
				9A5972F3EEB9E3111A11D8F2 /* InviteAndEarnView.swift */,
				1382129E24A1E08EAD67A84A /* ReferrerNotificationsToast.swift */,
			);
			path = Referrals;
			sourceTree = "<group>";
		};
		76A11B67909284CF3B1E16F7 /* Keys */ = {
			isa = PBXGroup;
			children = (
				FF9C7B3EC9677F13EE45ECF1 /* KeysStaysSection.swift */,
				21B7E1278A2EF72789A9AE78 /* KeysTransactionsView.swift */,
				6C9B4F0F13E2524FDF587BFA /* KeysWalletView.swift */,
				DE5F70A7273F8977F9D6AA44 /* StayWithKeysSheet.swift */,
				437D4F5127D670D35AE1E443 /* WaysToEarnKeysSection.swift */,
			);
			path = Keys;
			sourceTree = "<group>";
		};
		89D9DD3312F713275D58A326 /* Networking */ = {
			isa = PBXGroup;
			children = (
				967B9C41F5F9438E30143514 /* APIClient.swift */,
				DCC3CE2737C2B041ADE0B63C /* SwaplImage.swift */,
			);
			path = Networking;
			sourceTree = "<group>";
		};
		8C4D4EBDAE0EFE3873306222 /* Models */ = {
			isa = PBXGroup;
			children = (
				A9FBD4B316B85673A7BD2D2E /* Auth.swift */,
				1F7B4163FD122E68FB389640 /* Availability.swift */,
				77AD192DE305AAE02F6DBCD0 /* ConversationParticipant.swift */,
				E26F930FB50115D11BD5133F /* Dispute.swift */,
				0B99C1E41BBF19C90616B214 /* Keys.swift */,
				9CCC5F71B34111A6A25719F4 /* Listing.swift */,
				FC8479450F71641A8B608B52 /* Profile.swift */,
				9105E39884B94E60E5BF0FCB /* Proposal.swift */,
				D4ED778C03DDD46ED798E1EB /* ContactChannels.swift */,
				88CDF96AA787954E6B258CE7 /* PublishAck.swift */,
				DBC8253E8B03396CC68DBEDE /* Referral.swift */,
				C6399269847F1E81A5CD48B0 /* Story.swift */,
				8E7E8D4971C41BA23909093D /* SwapMessage.swift */,
				32BC3634ACCFEE6B0949AC49 /* TravelWindow.swift */,
				D2C15D1A79FEEAA9102F7520 /* Trip.swift */,
			);
			path = Models;
			sourceTree = "<group>";
		};
		9062091F7BC2CFA3011D3F11 /* Listings */ = {
			isa = PBXGroup;
			children = (
				1377DBF3697FDC7DB577BE96 /* BrowseListView.swift */,
				880076B1A21E1999A8C9F405 /* FilterSheetView.swift */,
				A14FDEA84A230FABDE69D564 /* ListingCalendarEditorView.swift */,
				348C7476795E59B9F7C4360C /* ListingDetailView.swift */,
				64D0EB47C8D8295095D265D6 /* ListingPhotoGalleryView.swift */,
				65E4EC474A4BB7E4FBB7F2B6 /* NightlyKeysExplainerSheet.swift */,
				3092A45193B8AA45FFD34342 /* OwnerVerificationSheet.swift */,
				9F3F93F6DC0482992C95B3A1 /* SwaplCreateListingIntent.swift */,
				710E939848147AE19616F70D /* SwaplSiriEntities.swift */,
				4A622ABD6B1617D96CD8D49C /* SwaplSiriIntents.swift */,
				4F1F33A43FA44B18F435BFEF /* SwaplCreateListingView.swift */,
			);
			path = Listings;
			sourceTree = "<group>";
		};
		9ED48DF98918CA096D774EBD /* Profile */ = {
			isa = PBXGroup;
			children = (
				2B8B575D4DF74C9A08E326C3 /* AccountSettingsViews.swift */,
				6E72A38E93BF07A269B5A860 /* AccountView.swift */,
				7CD6F3FA2F047154499EE042 /* IdentityVerificationCard.swift */,
				166B9E5DAD1EE69ADA66080B /* InterestsEditorView.swift */,
				31611DB7E1884D52F48D20F6 /* LanguagePickerView.swift */,
				9AA825882F23D182F31FF514 /* MetricsView.swift */,
				F6B943B148842E2CAEA5E64F /* PasskeysView.swift */,
				1951608EE0445C6866D16B76 /* PersonalInfoView.swift */,
				13E87AFF2208189D059454DA /* PublicProfileView.swift */,
				B5E8D113F3B8A4A14DCC8140 /* RateAppSheet.swift */,
				781B69502AE21A819387C19F /* ReportSheet.swift */,
				B364CD1F6F338349526C2C65 /* SavedSearchesView.swift */,
				7BBA1A0FBCED10FC0F4C11A9 /* SwapaliticsView.swift */,
				1C77A2589550B9F463387094 /* SwaplStoryView.swift */,
				63D199358A62C764FFD50BD6 /* TravelProfileView.swift */,
				8F55E6580093FF8311EB4091 /* TravelWindowsView.swift */,
			);
			path = Profile;
			sourceTree = "<group>";
		};
		B1DE064E80E30963D21B529F /* SwaplUITests */ = {
			isa = PBXGroup;
			children = (
				1E7A43C69DAF904F0AB4E9AB /* AIDraftProposalTests.swift */,
				2CD57A2AA63115467E0C218C /* DeepLinkRoutingTests.swift */,
				FE175D04D0E8B92BDB0623DF /* FeatureWalkthroughTests.swift */,
				B8E01813089345C06F7B5499 /* MarketingScreenshotTests.swift */,
			);
			path = SwaplUITests;
			sourceTree = "<group>";
		};
		BD437EA44DBE112FC0D7B43D /* Swapl */ = {
			isa = PBXGroup;
			children = (
				832C6832461A871B16ADCD7A /* Assets.xcassets */,
				0FB5692D60E8AAFB8D3017D8 /* Info.plist */,
				53980DEFAFB361B5E8294BA3 /* Localizable.xcstrings */,
				894AED6F36AAF11BFF8CA2FB /* PrivacyInfo.xcprivacy */,
				69F50D0C2FA71A035FEFE2AF /* Swapl.entitlements */,
				E3F0605B68321C873190B989 /* App */,
				E7374CB43A82D1797063FE3B /* Core */,
				DC4B1C0567901A9F8715A839 /* Design */,
				58C8CE26DE660BACBC4EB06C /* Features */,
				0F04FED71D1B8A3C1641EBD6 /* Resources */,
			);
			path = Swapl;
			sourceTree = "<group>";
		};
		D3885494609E38AA088CAB39 /* Services */ = {
			isa = PBXGroup;
			children = (
				C60943A9E3847D774F811C77 /* LocationPingService.swift */,
				A28819C43CFF4F1CECF89818 /* LocationSearchService.swift */,
			);
			path = Services;
			sourceTree = "<group>";
		};
		D6E37CA016AB8ADCC34BEB5D /* Trips */ = {
			isa = PBXGroup;
			children = (
				3F9F3B622AF0F19A1CE66060 /* CheckEventSheet.swift */,
				3903F3A5CDC9027F9DE1E18E /* DisputeCaseCard.swift */,
				71AD1C5D134C55DFD558A982 /* DisputeFlowView.swift */,
				CCF2FF97BD7916B883AF9588 /* DisputeOpenSheet.swift */,
				EEDF6E34911C3ABCC1788F96 /* HomeGuideEditorView.swift */,
				9625256FBF2791330991EDB3 /* ProofOfCoverBadge.swift */,
				827286DDE5C491F6477A36FC /* TripCockpitView.swift */,
				274F2340F268F02547B135E7 /* TripsView.swift */,
			);
			path = Trips;
			sourceTree = "<group>";
		};
		DC4B1C0567901A9F8715A839 /* Design */ = {
			isa = PBXGroup;
			children = (
				10FAC49377D43C349AE9CEC3 /* AirbnbStyle.swift */,
				B5EFCDA48BC796DFB6CD1F56 /* SwaplFonts.swift */,
				88FE15DAF7CB60D8091AAB48 /* Theme.swift */,
				514178AAFBA433B4FB51C2EE /* Components */,
				EE65BF6EFF1CEB06F97B072F /* Illustrations */,
			);
			path = Design;
			sourceTree = "<group>";
		};
		E3F0605B68321C873190B989 /* App */ = {
			isa = PBXGroup;
			children = (
				81DB4250C505E12AA24FD3B8 /* CHANGES.md */,
				862B8E3CA191D3BF9EC25FDC /* DeepLinkRouter.swift */,
				482C55A61B818770C1E2FFE8 /* SwaplApp.swift */,
			);
			path = App;
			sourceTree = "<group>";
		};
		E7374CB43A82D1797063FE3B /* Core */ = {
			isa = PBXGroup;
			children = (
				E93C94088C4A8AB8B567B50E /* AI */,
				47D59144756EF65FE9EA96A6 /* Auth */,
				11D28382AF7D461233739BD1 /* Favorites */,
				1C15A4604733F0C468E42D15 /* Localization */,
				8C4D4EBDAE0EFE3873306222 /* Models */,
				89D9DD3312F713275D58A326 /* Networking */,
				419D45CE450828EE48D44A5B /* Push */,
				5655254325D25B334967473A /* Repositories */,
				D3885494609E38AA088CAB39 /* Services */,
			);
			path = Core;
			sourceTree = "<group>";
		};
		E931644CBEED9106DB254E61 /* Swaps */ = {
			isa = PBXGroup;
			children = (
				A688EA805E6089C0F4C00878 /* ConversationPeopleView.swift */,
				06335EFCBD6A3915C648EB60 /* LeaveReviewSheet.swift */,
				A76A41CFCED4F4593E5317DD /* SwapChatView.swift */,
				3D1A9E41690FE45EB220FB4A /* SwapsInboxView.swift */,
			);
			path = Swaps;
			sourceTree = "<group>";
		};
		E93C94088C4A8AB8B567B50E /* AI */ = {
			isa = PBXGroup;
			children = (
				4BC9312485BA546DE9DDA312 /* ProposalDraftEngine.swift */,
			);
			path = AI;
			sourceTree = "<group>";
		};
		ECBB898CCE009246F8E96B8F /* Inspire */ = {
			isa = PBXGroup;
			children = (
				78065E6D3BA14EC22992A812 /* InspireView.swift */,
				9A7CF65A2AEA93EDC05BDBF6 /* PaymentStepView.swift */,
				E4889FE22A4C9D4BABC379E6 /* SpeechRecorder.swift */,
			);
			path = Inspire;
			sourceTree = "<group>";
		};
		EE65BF6EFF1CEB06F97B072F /* Illustrations */ = {
			isa = PBXGroup;
			children = (
				988E469B97C24C69D3CF04E2 /* CityIllust.swift */,
			);
			path = Illustrations;
			sourceTree = "<group>";
		};
		F18B78D06D59639966229328 /* Products */ = {
			isa = PBXGroup;
			children = (
				A1E4A3420C9FC28FE105C9A4 /* Swapl.app */,
				76DD8536C922B611CF6505BC /* SwaplUITests.xctest */,
			);
			name = Products;
			sourceTree = "<group>";
		};
		F9399FCC26E09A3734484DC5 /* Wishlists */ = {
			isa = PBXGroup;
			children = (
				1CD770B97A9384AAECAFF4F3 /* WishlistsView.swift */,
			);
			path = Wishlists;
			sourceTree = "<group>";
		};
		FB1C98F18B4F5486C00E60E1 /* Packages */ = {
			isa = PBXGroup;
			children = (
				B2ECF15F803E263DBFEB14FC /* swift */,
			);
			name = Packages;
			sourceTree = "<group>";
		};
/* End PBXGroup section */

/* Begin PBXNativeTarget section */
		10D18CF02B59613B5EA89700 /* SwaplUITests */ = {
			isa = PBXNativeTarget;
			buildConfigurationList = 3D0CD7FCFCCB96F572E7BA8A /* Build configuration list for PBXNativeTarget "SwaplUITests" */;
			buildPhases = (
				1E7C9B7B97C941FDFA51E003 /* Sources */,
			);
			buildRules = (
			);
			dependencies = (
				66059CB6AB224963E35335A7 /* PBXTargetDependency */,
			);
			name = SwaplUITests;
			packageProductDependencies = (
			);
			productName = SwaplUITests;
			productReference = 76DD8536C922B611CF6505BC /* SwaplUITests.xctest */;
			productType = "com.apple.product-type.bundle.ui-testing";
		};
		4CEF102A42868339131384FC /* Swapl */ = {
			isa = PBXNativeTarget;
			buildConfigurationList = C7BEB355E7564D701A27D3F8 /* Build configuration list for PBXNativeTarget "Swapl" */;
			buildPhases = (
				535C70920D4012563F61B995 /* Sources */,
				17A1AA9EE9A6716C9D379526 /* Resources */,
				41F063BFE64049F4CA08E977 /* Frameworks */,
			);
			buildRules = (
			);
			dependencies = (
			);
			name = Swapl;
			packageProductDependencies = (
				A8D80844D3E9A3B2227C620A /* SwaplDesignTokens */,
			);
			productName = Swapl;
			productReference = A1E4A3420C9FC28FE105C9A4 /* Swapl.app */;
			productType = "com.apple.product-type.application";
		};
/* End PBXNativeTarget section */

/* Begin PBXProject section */
		A8AF8FF63E9E2D8F7FFB7603 /* Project object */ = {
			isa = PBXProject;
			attributes = {
				BuildIndependentTargetsInParallel = YES;
				LastUpgradeCheck = 1600;
				TargetAttributes = {
					10D18CF02B59613B5EA89700 = {
						DevelopmentTeam = 65H83C7GYT;
						ProvisioningStyle = Automatic;
						TestTargetID = 4CEF102A42868339131384FC;
					};
					4CEF102A42868339131384FC = {
						DevelopmentTeam = 65H83C7GYT;
						ProvisioningStyle = Automatic;
					};
				};
			};
			buildConfigurationList = A6BE3E3EB13E27DE7A9866AB /* Build configuration list for PBXProject "Swapl" */;
			compatibilityVersion = "Xcode 14.0";
			developmentRegion = en;
			hasScannedForEncodings = 0;
			knownRegions = (
				Base,
				ar,
				"ar-PS",
				el,
				en,
				es,
				fa,
				fr,
				id,
				it,
				ja,
				ro,
				th,
				tr,
				zh,
			);
			mainGroup = 0EA051C9F1519EEF833938DB;
			minimizedProjectReferenceProxies = 1;
			packageReferences = (
				BA51FFC53B11E9A73DE571C5 /* XCLocalSwiftPackageReference "../packages/design-tokens/build/swift" */,
			);
			preferredProjectObjectVersion = 77;
			projectDirPath = "";
			projectRoot = "";
			targets = (
				4CEF102A42868339131384FC /* Swapl */,
				10D18CF02B59613B5EA89700 /* SwaplUITests */,
			);
		};
/* End PBXProject section */

/* Begin PBXResourcesBuildPhase section */
		17A1AA9EE9A6716C9D379526 /* Resources */ = {
			isa = PBXResourcesBuildPhase;
			buildActionMask = 2147483647;
			files = (
				FE30B2545B06E5FE6755CDC9 /* Assets.xcassets in Resources */,
				8A383874E740D799C701825A /* CHANGES.md in Resources */,
				5BD0A88CF9AD53F7EE507582 /* Fraunces-Italic-Variable.ttf in Resources */,
				0FF9121641DAB4D4D85FDB4C /* Fraunces-Variable.ttf in Resources */,
				42E7606893193D6EE6499537 /* Inter-Variable.ttf in Resources */,
				510830DC97DA55495B08EBC9 /* JetBrainsMono-Variable.ttf in Resources */,
				A4DE418F40F63D5D46A60B30 /* Localizable.xcstrings in Resources */,
				1EB702BD888B0CA98111570F /* PrivacyInfo.xcprivacy in Resources */,
			);
			runOnlyForDeploymentPostprocessing = 0;
		};
/* End PBXResourcesBuildPhase section */

/* Begin PBXSourcesBuildPhase section */
		1E7C9B7B97C941FDFA51E003 /* Sources */ = {
			isa = PBXSourcesBuildPhase;
			buildActionMask = 2147483647;
			files = (
				CE2E19FCF7D3A7155FABE8CA /* AIDraftProposalTests.swift in Sources */,
				B22399321C05438FA41249DB /* DeepLinkRoutingTests.swift in Sources */,
				975F281EA211E4762D3F16AB /* FeatureWalkthroughTests.swift in Sources */,
				1E8045FACF592530295ACBD6 /* MarketingScreenshotTests.swift in Sources */,
			);
			runOnlyForDeploymentPostprocessing = 0;
		};
		535C70920D4012563F61B995 /* Sources */ = {
			isa = PBXSourcesBuildPhase;
			buildActionMask = 2147483647;
			files = (
				AC754A8C18363E68BFAC274A /* AIDraftRepository.swift in Sources */,
				23AA1EF7371D4101ED70891C /* APIClient.swift in Sources */,
				DC585C9A7870551BBEDC96F6 /* AccountSettingsViews.swift in Sources */,
				817AA32D947D5384C47CFA05 /* AccountView.swift in Sources */,
				FBEF57AC2F8FBE1ACBAF6DAD /* AirbnbStyle.swift in Sources */,
				CA6E1F0EC764A412DA092FA5 /* AppFeedbackRepository.swift in Sources */,
				FD2ACE491285E50BADCCABC4 /* AssistantRepository.swift in Sources */,
				274DA2C25CEC164CB11256CC /* Auth.swift in Sources */,
				1E692ED646D45C14C7A86882 /* AuthService.swift in Sources */,
				A4612BDBF2A88F47402144CE /* Availability.swift in Sources */,
				DD6B8B3250BD4BBD8D437B2C /* AvailabilityCalendar.swift in Sources */,
				EFC39E6E4220169A872C6C54 /* BrowseListView.swift in Sources */,
				F9C0875A803E74754185798D /* CalendarRepository.swift in Sources */,
				A3E8A7FCE8B90BCB13F32DB6 /* ChatRepository.swift in Sources */,
				4DC7B885AC12C565DDE80C57 /* CheckEventSheet.swift in Sources */,
				670D86836AE68EA719BB626D /* CitiesRepository.swift in Sources */,
				8FAA1E0A4B5259CACC27EE32 /* CityIllust.swift in Sources */,
				6FBB7E9F562680E39B84E3FE /* CityStamp.swift in Sources */,
				E61823B9C45DA5C0B834C7FC /* ConversationParticipant.swift in Sources */,
				8E25C2BCDFF5B26158833E9D /* ConversationPeopleView.swift in Sources */,
				F8B86291642BA41527F4648B /* DeepLinkRouter.swift in Sources */,
				A19763CA566821073A00E4EE /* DiscoverRepository.swift in Sources */,
				D74BBBC6F3B32322A6817C7D /* Dispute.swift in Sources */,
				2C34D1D71EA17CCE0E98CC70 /* DisputeCaseCard.swift in Sources */,
				88DCCE9FC0D03F016E2EBEF6 /* DisputeFlowView.swift in Sources */,
				EF219F8863CF71827410F3E4 /* DisputeOpenSheet.swift in Sources */,
				A2AB77A934125CF752B5C710 /* DisputeRepository.swift in Sources */,
				9ED412C1C16C1698D5295CA4 /* ExperiencesView.swift in Sources */,
				C37E5D582DD9EF9D58172533 /* FavoritesRepository.swift in Sources */,
				9DF14AADB94ED9B3F7C76737 /* FavoritesStore.swift in Sources */,
				C50E6EC4B47A130774948455 /* FilterSheetView.swift in Sources */,
				004110AF6E2282A8C4857526 /* GoogleSignInCoordinator.swift in Sources */,
				EBDDB31A079744568129222E /* HomeGuideEditorView.swift in Sources */,
				E196DAF965703EC0BE8EA230 /* IdentityVerificationCard.swift in Sources */,
				C4380034F6D9B20966B25C07 /* InspireView.swift in Sources */,
				4B3AD0F138265FA3B1D96DEF /* InterestsEditorView.swift in Sources */,
				4B8087CAA8A9AB69EFA30601 /* InviteAndEarnView.swift in Sources */,
				FFB628B21B3C9A6DA0C2BD15 /* KeychainTokenStore.swift in Sources */,
				2D19F23531E912DD9178EE7E /* Keys.swift in Sources */,
				0569690334ACF761D79ECCA0 /* KeysRepository.swift in Sources */,
				4636472154517A8492A9A5DD /* KeysStaysSection.swift in Sources */,
				47ABC2A9A39118AAC1CA8A6C /* KeysTransactionsView.swift in Sources */,
				596D7BA5FCFBEB442686F32A /* KeysWalletView.swift in Sources */,
				13630EECD9FA421AEA8FE5F1 /* LanguageManager.swift in Sources */,
				A75208B504924BD6B4EE6BFF /* LanguagePickerView.swift in Sources */,
				DC7257C5B79D0BCF1DB17753 /* LeaveReviewSheet.swift in Sources */,
				6FD9E408F7CFD3F2D3F0E862 /* Listing.swift in Sources */,
				A3C42260DE018B11E3962F69 /* ListingCalendarEditorView.swift in Sources */,
				762691A8EE338BA81B65CA9B /* ListingDetailView.swift in Sources */,
				8A08CC9325DE689FE2E1D202 /* ListingPhotoGalleryView.swift in Sources */,
				8D8068B081DC6B1C476999EA /* ListingRepository.swift in Sources */,
				B0D339A23B011379C2FBD9A6 /* LocationPingService.swift in Sources */,
				B2EC2A048FC10FF33AE343D2 /* LocationSearchService.swift in Sources */,
				12A73281C203C687F50C0A01 /* LoginView.swift in Sources */,
				C3E296FCE8CA05711DC8BF33 /* MetricsRepository.swift in Sources */,
				E5FF16C039C517CC58D7C964 /* MetricsView.swift in Sources */,
				0E122F3A8ACC502ADFEBBC7D /* NightlyKeysExplainerSheet.swift in Sources */,
				4954460104D27BCC493D9377 /* OwnerVerificationSheet.swift in Sources */,
				EDA6A0A0ABCE902B1F08214F /* ParticipantRepository.swift in Sources */,
				77BE80296D6FA035534F7FC8 /* PasskeyCoordinator.swift in Sources */,
				B3BE098B95DBDDC8FE174FDF /* PasskeysView.swift in Sources */,
				1638C230E7523760B6CEDA94 /* PaymentStepView.swift in Sources */,
				8BD6E92752FEF19AB0E4E28E /* PersonalInfoView.swift in Sources */,
				8631C6131E59F65FAD09B6D4 /* PrimaryPill.swift in Sources */,
				DACBA4DA3BDA42660BC27C0B /* Profile.swift in Sources */,
				56E1320794D62E4631157BE8 /* ProfileRepository.swift in Sources */,
				9239CF5AF751A30FC933193F /* ProofOfCoverBadge.swift in Sources */,
				301DF30C90EA44C7ADFA4769 /* PropertyVerificationRepository.swift in Sources */,
				2E03DA0A20134F3722419077 /* Proposal.swift in Sources */,
				FEEB07E1836101E7626EFD40 /* ContactChannels.swift in Sources */,
				3C468E83F14C65170AB87EE2 /* ProposalDraftEngine.swift in Sources */,
				3C0B16C48AA50EA871490222 /* ProposalRepository.swift in Sources */,
				36A3FAA2B685C712E1A7E66E /* PublicProfileView.swift in Sources */,
				85E60D2EC077D5F6EBA8C390 /* PublishAck.swift in Sources */,
				6E368BC8D789B8BD18C4690B /* PushService.swift in Sources */,
				916F1E53FE23D2DCF28627A4 /* RateAppSheet.swift in Sources */,
				01A23378F38E2AA77EEE9AB2 /* Referral.swift in Sources */,
				2B64C26032B8BA261A1EE899 /* ReferralRepository.swift in Sources */,
				E1ED619555C03A5F0C2325FB /* ReferrerNotificationsToast.swift in Sources */,
				9FB201F3E3C6723A6627AD92 /* ReportSheet.swift in Sources */,
				F5DED2CA60E13745ECB55392 /* SafariView.swift in Sources */,
				6EDC2851AC6699DABF5CDD63 /* SavedSearchesView.swift in Sources */,
				E2FB54694BF2D5D9EE68F9C9 /* ServicesView.swift in Sources */,
				38FFAA04AD5C5FD4661D8B53 /* SpeechRecorder.swift in Sources */,
				F12C3AA109E59CDD8B01485E /* StayWithKeysSheet.swift in Sources */,
				C891793FB575D73DD4E0F494 /* Story.swift in Sources */,
				D3BE46BE6BB8151E73F00A04 /* StoryRepository.swift in Sources */,
				DB917B61A5F6ED29B7343D60 /* SupportContactsRepository.swift in Sources */,
				65EFA92459406FAB1651014D /* SurfaceCard.swift in Sources */,
				B3EE938B553972B8AA20A5D7 /* SwapChatView.swift in Sources */,
				8AB0ADC83FAD22325D76D561 /* SwapMessage.swift in Sources */,
				E7DCA90534AFD2EF6B97D7B3 /* SwapaliticsRepository.swift in Sources */,
				A159F6C14AD3EAAE67FBCB0B /* SwapaliticsView.swift in Sources */,
				F9616C2B39409158D02A511F /* SwaplApp.swift in Sources */,
				10DEDCBBA64190E76F8FE03E /* SwaplCreateListingIntent.swift in Sources */,
				958E97FAD08EB7DA10B6901E /* SwaplSiriEntities.swift in Sources */,
				BF97D38515FC7447BEBD9801 /* SwaplSiriIntents.swift in Sources */,
				2E0FDD5F1194477B07D92AC2 /* SwaplCreateListingView.swift in Sources */,
				91F501F91EB061312E6E69A5 /* SwaplEmptyState.swift in Sources */,
				DDADDE58A172128569BFAC19 /* SwaplFonts.swift in Sources */,
				025918872EE8E347FE5DAB31 /* SwaplImage.swift in Sources */,
				1E9087DE48A98F8391B49E4F /* SwaplPageTitle.swift in Sources */,
				6BE10CCFE888C0BCED3C7A12 /* SwaplStoryView.swift in Sources */,
				3953988739F964C99F08C0E2 /* SwapsInboxView.swift in Sources */,
				09510D369FFD86683685D48E /* Theme.swift in Sources */,
				4F2BF100C270F1F6A1AE58C1 /* TravelProfileView.swift in Sources */,
				73EFA4722DCFCD5CAAC5C80C /* TravelWindow.swift in Sources */,
				F6DD61C4B515DF6184E8DCF0 /* TravelWindowRepository.swift in Sources */,
				ACD9753C612C2870B11AE400 /* TravelWindowsView.swift in Sources */,
				63F5F682FBAD0E8EDF7A3007 /* Trip.swift in Sources */,
				DC939F3220AD8395C001D00D /* TripCockpitView.swift in Sources */,
				5D0F973ECE5BC06F12C0427B /* TripRepository.swift in Sources */,
				79BABEED6AB2449E92D7351C /* TripsView.swift in Sources */,
				560B17602F689159037DD5C3 /* UnreadStore.swift in Sources */,
				CE547916295A1F6905C7C90A /* VerificationRepository.swift in Sources */,
				705A9936CCB76AF924721665 /* VerifiedOwnerBadge.swift in Sources */,
				94A7376576B5EFD95D9F3E6C /* WaysToEarnKeysSection.swift in Sources */,
				A8F5EDDBDBC5050DDAC4A6AD /* WishlistsView.swift in Sources */,
			);
			runOnlyForDeploymentPostprocessing = 0;
		};
/* End PBXSourcesBuildPhase section */

/* Begin PBXTargetDependency section */
		66059CB6AB224963E35335A7 /* PBXTargetDependency */ = {
			isa = PBXTargetDependency;
			target = 4CEF102A42868339131384FC /* Swapl */;
			targetProxy = 5583C66286587B03085BFFB9 /* PBXContainerItemProxy */;
		};
/* End PBXTargetDependency section */

/* Begin XCBuildConfiguration section */
		4AB2CEE05304891F9E5A6910 /* Release */ = {
			isa = XCBuildConfiguration;
			buildSettings = {
				ASSETCATALOG_COMPILER_APPICON_NAME = AppIcon;
				ASSETCATALOG_COMPILER_GLOBAL_ACCENT_COLOR_NAME = AccentColor;
				CODE_SIGN_ENTITLEMENTS = Swapl/Swapl.entitlements;
				CODE_SIGN_IDENTITY = "iPhone Developer";
				CODE_SIGN_STYLE = Automatic;
				INFOPLIST_FILE = Swapl/Info.plist;
				IPHONEOS_DEPLOYMENT_TARGET = 26.0;
				LD_RUNPATH_SEARCH_PATHS = (
					"$(inherited)",
					"@executable_path/Frameworks",
				);
				PRODUCT_BUNDLE_IDENTIFIER = app.swapl;
				PRODUCT_NAME = Swapl;
				SDKROOT = iphoneos;
				TARGETED_DEVICE_FAMILY = "1,2";
			};
			name = Release;
		};
		5788CEA7113CC6D6A0689E30 /* Debug */ = {
			isa = XCBuildConfiguration;
			buildSettings = {
				ALWAYS_SEARCH_USER_PATHS = NO;
				CLANG_ANALYZER_NONNULL = YES;
				CLANG_ANALYZER_NUMBER_OBJECT_CONVERSION = YES_AGGRESSIVE;
				CLANG_CXX_LANGUAGE_STANDARD = "gnu++14";
				CLANG_CXX_LIBRARY = "libc++";
				CLANG_ENABLE_MODULES = YES;
				CLANG_ENABLE_OBJC_ARC = YES;
				CLANG_ENABLE_OBJC_WEAK = YES;
				CLANG_WARN_BLOCK_CAPTURE_AUTORELEASING = YES;
				CLANG_WARN_BOOL_CONVERSION = YES;
				CLANG_WARN_COMMA = YES;
				CLANG_WARN_CONSTANT_CONVERSION = YES;
				CLANG_WARN_DEPRECATED_OBJC_IMPLEMENTATIONS = YES;
				CLANG_WARN_DIRECT_OBJC_ISA_USAGE = YES_ERROR;
				CLANG_WARN_DOCUMENTATION_COMMENTS = YES;
				CLANG_WARN_EMPTY_BODY = YES;
				CLANG_WARN_ENUM_CONVERSION = YES;
				CLANG_WARN_INFINITE_RECURSION = YES;
				CLANG_WARN_INT_CONVERSION = YES;
				CLANG_WARN_NON_LITERAL_NULL_CONVERSION = YES;
				CLANG_WARN_OBJC_IMPLICIT_RETAIN_SELF = YES;
				CLANG_WARN_OBJC_LITERAL_CONVERSION = YES;
				CLANG_WARN_OBJC_ROOT_CLASS = YES_ERROR;
				CLANG_WARN_QUOTED_INCLUDE_IN_FRAMEWORK_HEADER = YES;
				CLANG_WARN_RANGE_LOOP_ANALYSIS = YES;
				CLANG_WARN_STRICT_PROTOTYPES = YES;
				CLANG_WARN_SUSPICIOUS_MOVE = YES;
				CLANG_WARN_UNGUARDED_AVAILABILITY = YES_AGGRESSIVE;
				CLANG_WARN_UNREACHABLE_CODE = YES;
				CLANG_WARN__DUPLICATE_METHOD_MATCH = YES;
				CODE_SIGN_STYLE = Automatic;
				COPY_PHASE_STRIP = NO;
				CURRENT_PROJECT_VERSION = 1;
				DEBUG_INFORMATION_FORMAT = dwarf;
				DEVELOPMENT_TEAM = 65H83C7GYT;
				ENABLE_STRICT_OBJC_MSGSEND = YES;
				ENABLE_TESTABILITY = YES;
				GCC_C_LANGUAGE_STANDARD = gnu11;
				GCC_DYNAMIC_NO_PIC = NO;
				GCC_NO_COMMON_BLOCKS = YES;
				GCC_OPTIMIZATION_LEVEL = 0;
				GCC_PREPROCESSOR_DEFINITIONS = (
					"$(inherited)",
					"DEBUG=1",
				);
				GCC_WARN_64_TO_32_BIT_CONVERSION = YES;
				GCC_WARN_ABOUT_RETURN_TYPE = YES_ERROR;
				GCC_WARN_UNDECLARED_SELECTOR = YES;
				GCC_WARN_UNINITIALIZED_AUTOS = YES_AGGRESSIVE;
				GCC_WARN_UNUSED_FUNCTION = YES;
				GCC_WARN_UNUSED_VARIABLE = YES;
				IPHONEOS_DEPLOYMENT_TARGET = 17.0;
				MARKETING_VERSION = 1.0;
				MTL_ENABLE_DEBUG_INFO = INCLUDE_SOURCE;
				MTL_FAST_MATH = YES;
				ONLY_ACTIVE_ARCH = YES;
				PRODUCT_NAME = "$(TARGET_NAME)";
				SDKROOT = iphoneos;
				SWIFT_ACTIVE_COMPILATION_CONDITIONS = DEBUG;
				SWIFT_OPTIMIZATION_LEVEL = "-Onone";
				SWIFT_VERSION = 5.9;
			};
			name = Debug;
		};
		83BB2470C9C05B62C076429B /* Debug */ = {
			isa = XCBuildConfiguration;
			buildSettings = {
				ASSETCATALOG_COMPILER_APPICON_NAME = AppIcon;
				ASSETCATALOG_COMPILER_GLOBAL_ACCENT_COLOR_NAME = AccentColor;
				CODE_SIGN_ENTITLEMENTS = Swapl/Swapl.entitlements;
				CODE_SIGN_IDENTITY = "iPhone Developer";
				CODE_SIGN_STYLE = Automatic;
				INFOPLIST_FILE = Swapl/Info.plist;
				IPHONEOS_DEPLOYMENT_TARGET = 26.0;
				LD_RUNPATH_SEARCH_PATHS = (
					"$(inherited)",
					"@executable_path/Frameworks",
				);
				PRODUCT_BUNDLE_IDENTIFIER = app.swapl;
				PRODUCT_NAME = Swapl;
				SDKROOT = iphoneos;
				TARGETED_DEVICE_FAMILY = "1,2";
			};
			name = Debug;
		};
		BB303186C76F46CEB6B2130A /* Release */ = {
			isa = XCBuildConfiguration;
			buildSettings = {
				BUNDLE_LOADER = "$(TEST_HOST)";
				CODE_SIGN_STYLE = Automatic;
				GENERATE_INFOPLIST_FILE = YES;
				IPHONEOS_DEPLOYMENT_TARGET = 17.0;
				LD_RUNPATH_SEARCH_PATHS = (
					"$(inherited)",
					"@executable_path/Frameworks",
					"@loader_path/Frameworks",
				);
				PRODUCT_BUNDLE_IDENTIFIER = app.swapl.uitests;
				SDKROOT = iphoneos;
				TARGETED_DEVICE_FAMILY = "1,2";
				TEST_TARGET_NAME = Swapl;
			};
			name = Release;
		};
		BB6F9C83281E5CC261207499 /* Debug */ = {
			isa = XCBuildConfiguration;
			buildSettings = {
				BUNDLE_LOADER = "$(TEST_HOST)";
				CODE_SIGN_STYLE = Automatic;
				GENERATE_INFOPLIST_FILE = YES;
				IPHONEOS_DEPLOYMENT_TARGET = 17.0;
				LD_RUNPATH_SEARCH_PATHS = (
					"$(inherited)",
					"@executable_path/Frameworks",
					"@loader_path/Frameworks",
				);
				PRODUCT_BUNDLE_IDENTIFIER = app.swapl.uitests;
				SDKROOT = iphoneos;
				TARGETED_DEVICE_FAMILY = "1,2";
				TEST_TARGET_NAME = Swapl;
			};
			name = Debug;
		};
		C5BE03655482ABC7FE06846F /* Release */ = {
			isa = XCBuildConfiguration;
			buildSettings = {
				ALWAYS_SEARCH_USER_PATHS = NO;
				CLANG_ANALYZER_NONNULL = YES;
				CLANG_ANALYZER_NUMBER_OBJECT_CONVERSION = YES_AGGRESSIVE;
				CLANG_CXX_LANGUAGE_STANDARD = "gnu++14";
				CLANG_CXX_LIBRARY = "libc++";
				CLANG_ENABLE_MODULES = YES;
				CLANG_ENABLE_OBJC_ARC = YES;
				CLANG_ENABLE_OBJC_WEAK = YES;
				CLANG_WARN_BLOCK_CAPTURE_AUTORELEASING = YES;
				CLANG_WARN_BOOL_CONVERSION = YES;
				CLANG_WARN_COMMA = YES;
				CLANG_WARN_CONSTANT_CONVERSION = YES;
				CLANG_WARN_DEPRECATED_OBJC_IMPLEMENTATIONS = YES;
				CLANG_WARN_DIRECT_OBJC_ISA_USAGE = YES_ERROR;
				CLANG_WARN_DOCUMENTATION_COMMENTS = YES;
				CLANG_WARN_EMPTY_BODY = YES;
				CLANG_WARN_ENUM_CONVERSION = YES;
				CLANG_WARN_INFINITE_RECURSION = YES;
				CLANG_WARN_INT_CONVERSION = YES;
				CLANG_WARN_NON_LITERAL_NULL_CONVERSION = YES;
				CLANG_WARN_OBJC_IMPLICIT_RETAIN_SELF = YES;
				CLANG_WARN_OBJC_LITERAL_CONVERSION = YES;
				CLANG_WARN_OBJC_ROOT_CLASS = YES_ERROR;
				CLANG_WARN_QUOTED_INCLUDE_IN_FRAMEWORK_HEADER = YES;
				CLANG_WARN_RANGE_LOOP_ANALYSIS = YES;
				CLANG_WARN_STRICT_PROTOTYPES = YES;
				CLANG_WARN_SUSPICIOUS_MOVE = YES;
				CLANG_WARN_UNGUARDED_AVAILABILITY = YES_AGGRESSIVE;
				CLANG_WARN_UNREACHABLE_CODE = YES;
				CLANG_WARN__DUPLICATE_METHOD_MATCH = YES;
				CODE_SIGN_STYLE = Automatic;
				COPY_PHASE_STRIP = NO;
				CURRENT_PROJECT_VERSION = 1;
				DEBUG_INFORMATION_FORMAT = "dwarf-with-dsym";
				DEVELOPMENT_TEAM = 65H83C7GYT;
				ENABLE_NS_ASSERTIONS = NO;
				ENABLE_STRICT_OBJC_MSGSEND = YES;
				GCC_C_LANGUAGE_STANDARD = gnu11;
				GCC_NO_COMMON_BLOCKS = YES;
				GCC_WARN_64_TO_32_BIT_CONVERSION = YES;
				GCC_WARN_ABOUT_RETURN_TYPE = YES_ERROR;
				GCC_WARN_UNDECLARED_SELECTOR = YES;
				GCC_WARN_UNINITIALIZED_AUTOS = YES_AGGRESSIVE;
				GCC_WARN_UNUSED_FUNCTION = YES;
				GCC_WARN_UNUSED_VARIABLE = YES;
				IPHONEOS_DEPLOYMENT_TARGET = 17.0;
				MARKETING_VERSION = 1.0;
				MTL_ENABLE_DEBUG_INFO = NO;
				MTL_FAST_MATH = YES;
				PRODUCT_NAME = "$(TARGET_NAME)";
				SDKROOT = iphoneos;
				SWIFT_COMPILATION_MODE = wholemodule;
				SWIFT_OPTIMIZATION_LEVEL = "-O";
				SWIFT_VERSION = 5.9;
			};
			name = Release;
		};
/* End XCBuildConfiguration section */

/* Begin XCConfigurationList section */
		3D0CD7FCFCCB96F572E7BA8A /* Build configuration list for PBXNativeTarget "SwaplUITests" */ = {
			isa = XCConfigurationList;
			buildConfigurations = (
				BB6F9C83281E5CC261207499 /* Debug */,
				BB303186C76F46CEB6B2130A /* Release */,
			);
			defaultConfigurationIsVisible = 0;
			defaultConfigurationName = Debug;
		};
		A6BE3E3EB13E27DE7A9866AB /* Build configuration list for PBXProject "Swapl" */ = {
			isa = XCConfigurationList;
			buildConfigurations = (
				5788CEA7113CC6D6A0689E30 /* Debug */,
				C5BE03655482ABC7FE06846F /* Release */,
			);
			defaultConfigurationIsVisible = 0;
			defaultConfigurationName = Debug;
		};
		C7BEB355E7564D701A27D3F8 /* Build configuration list for PBXNativeTarget "Swapl" */ = {
			isa = XCConfigurationList;
			buildConfigurations = (
				83BB2470C9C05B62C076429B /* Debug */,
				4AB2CEE05304891F9E5A6910 /* Release */,
			);
			defaultConfigurationIsVisible = 0;
			defaultConfigurationName = Debug;
		};
/* End XCConfigurationList section */

/* Begin XCLocalSwiftPackageReference section */
		BA51FFC53B11E9A73DE571C5 /* XCLocalSwiftPackageReference "../packages/design-tokens/build/swift" */ = {
			isa = XCLocalSwiftPackageReference;
			relativePath = "../packages/design-tokens/build/swift";
		};
/* End XCLocalSwiftPackageReference section */

/* Begin XCSwiftPackageProductDependency section */
		A8D80844D3E9A3B2227C620A /* SwaplDesignTokens */ = {
			isa = XCSwiftPackageProductDependency;
			productName = SwaplDesignTokens;
		};
/* End XCSwiftPackageProductDependency section */
	};
	rootObject = A8AF8FF63E9E2D8F7FFB7603 /* Project object */;
}
